PODS:
  - Ads-CN-Beta (3.9.0.3):
    - Ads-CN-Beta/BUAdSDK (= 3.9.0.3)
  - Ads-CN-Beta/BUAdSDK (3.9.0.3):
    - Ads-CN-Beta/BUFoundation
    - Ads-CN-Beta/Domestic
  - Ads-CN-Beta/BUFoundation (3.9.0.3)
  - Ads-CN-Beta/Domestic (3.9.0.3)
  - CocoaDebug (1.6.3)
  - FancyAd (1.0.1)
  - GDTMobSDK (4.13.01):
    - GDTMobSDK/GDTMobSDK (= 4.13.01)
  - GDTMobSDK/GDTMobSDK (4.13.01)
  - KSAdSDK (3.3.13)
  - Masonry (1.1.0)
  - PTGJAdSDK (1.2.0)

DEPENDENCIES:
  - Ads-CN-Beta (= 3.9.0.3)
  - CocoaDebug (= 1.6.3)
  - FancyAd (= 1.0.1)
  - GDTMobSDK (= 4.13.01)
  - KSAdSDK (= 3.3.13)
  - Masonry
  - PTGJAdSDK (= 1.2.0)

SPEC REPOS:
  trunk:
    - Ads-CN-Beta
    - CocoaDebug
    - FancyAd
    - GDTMobSDK
    - KSAdSDK
    - Masonry
    - PTGJAdSDK

SPEC CHECKSUMS:
  Ads-CN-Beta: 01b62c0becfce01014d4bfc206443e51463fc15d
  CocoaDebug: 188ea707c3728402e16efffa8d309a4704f1c59a
  FancyAd: 80ca8ca7c0347cbf63425a278f2e5d2f0df83a06
  GDTMobSDK: e33929f7489d2e4b27ca3bd37b6da883c0bbc686
  KSAdSDK: 10b6c6988c4981f5c9296fbcae0219da2486f3ba
  Masonry: 678fab65091a9290e40e2832a55e7ab731aad201
  PTGJAdSDK: 8a91d2bf8bfcaf588d673c421fa6746b4c72ada6

PODFILE CHECKSUM: cccd9e691df82410f9ded8daac67dbd460e58b5a

COCOAPODS: 1.10.1
