// !$*UTF8*$!
{
	archiveVersion = 1;
	classes = {
	};
	objectVersion = 51;
	objects = {

/* Begin PBXBuildFile section */
		589213A824D7194D00AA9B51 /* AppDelegate.m in Sources */ = {isa = PBXBuildFile; fileRef = 589213A724D7194D00AA9B51 /* AppDelegate.m */; };
		589213AE24D7194D00AA9B51 /* ViewController.m in Sources */ = {isa = PBXBuildFile; fileRef = 589213AD24D7194D00AA9B51 /* ViewController.m */; };
		589213B124D7194D00AA9B51 /* Main.storyboard in Resources */ = {isa = PBXBuildFile; fileRef = 589213AF24D7194D00AA9B51 /* Main.storyboard */; };
		589213B324D7194F00AA9B51 /* Assets.xcassets in Resources */ = {isa = PBXBuildFile; fileRef = 589213B224D7194F00AA9B51 /* Assets.xcassets */; };
		589213B624D7194F00AA9B51 /* LaunchScreen.storyboard in Resources */ = {isa = PBXBuildFile; fileRef = 589213B424D7194F00AA9B51 /* LaunchScreen.storyboard */; };
		589213B924D7194F00AA9B51 /* main.m in Sources */ = {isa = PBXBuildFile; fileRef = 589213B824D7194F00AA9B51 /* main.m */; };
		589213C324D7195000AA9B51 /* PTGAdDemoTests.m in Sources */ = {isa = PBXBuildFile; fileRef = 589213C224D7195000AA9B51 /* PTGAdDemoTests.m */; };
		589213CE24D7195000AA9B51 /* PTGAdDemoUITests.m in Sources */ = {isa = PBXBuildFile; fileRef = 589213CD24D7195000AA9B51 /* PTGAdDemoUITests.m */; };
		589213E524D7263000AA9B51 /* Foundation.framework in Frameworks */ = {isa = PBXBuildFile; fileRef = 589213E424D7263000AA9B51 /* Foundation.framework */; };
		589213E724D7263A00AA9B51 /* CoreGraphics.framework in Frameworks */ = {isa = PBXBuildFile; fileRef = 589213E624D7263A00AA9B51 /* CoreGraphics.framework */; };
		589213E924D7264600AA9B51 /* UIKit.framework in Frameworks */ = {isa = PBXBuildFile; fileRef = 589213E824D7264600AA9B51 /* UIKit.framework */; };
		58C145D024F404B800EFAC24 /* PTGAdSDK.framework in Frameworks */ = {isa = PBXBuildFile; fileRef = 58C145CA24F400E100EFAC24 /* PTGAdSDK.framework */; };
		58C145D124F404B800EFAC24 /* PTGAdSDK.framework in Embed Frameworks */ = {isa = PBXBuildFile; fileRef = 58C145CA24F400E100EFAC24 /* PTGAdSDK.framework */; settings = {ATTRIBUTES = (CodeSignOnCopy, RemoveHeadersOnCopy, ); }; };
		842A3C1024F8F3D300E20A40 /* PTGAdSDK.framework in Frameworks */ = {isa = PBXBuildFile; fileRef = 842A3C0E24F8F3D300E20A40 /* PTGAdSDK.framework */; };
		8434243524F63DA800F0ABB5 /* libz.tbd in Frameworks */ = {isa = PBXBuildFile; fileRef = 8434243024F63C4B00F0ABB5 /* libz.tbd */; };
		8434243624F63DB700F0ABB5 /* AdSupport.framework in Frameworks */ = {isa = PBXBuildFile; fileRef = 8434242624F63C1900F0ABB5 /* AdSupport.framework */; };
		8434243724F63DBD00F0ABB5 /* CoreMedia.framework in Frameworks */ = {isa = PBXBuildFile; fileRef = 8434241C24F63BA800F0ABB5 /* CoreMedia.framework */; };
		8434243824F63DC300F0ABB5 /* CoreTelephony.framework in Frameworks */ = {isa = PBXBuildFile; fileRef = 8434242224F63C0B00F0ABB5 /* CoreTelephony.framework */; };
		8434243924F63DC900F0ABB5 /* CoreLocation.framework in Frameworks */ = {isa = PBXBuildFile; fileRef = 8434241E24F63BCA00F0ABB5 /* CoreLocation.framework */; };
		8434243B24F63DD000F0ABB5 /* MediaPlayer.framework in Frameworks */ = {isa = PBXBuildFile; fileRef = 8434243A24F63DD000F0ABB5 /* MediaPlayer.framework */; };
		8434243C24F63DD700F0ABB5 /* MobileCoreServices.framework in Frameworks */ = {isa = PBXBuildFile; fileRef = 8434241A24F63B9D00F0ABB5 /* MobileCoreServices.framework */; };
		8434243D24F63DDD00F0ABB5 /* CoreMotion.framework in Frameworks */ = {isa = PBXBuildFile; fileRef = 8434242824F63C2500F0ABB5 /* CoreMotion.framework */; };
		8434243E24F63DE600F0ABB5 /* SystemConfiguration.framework in Frameworks */ = {isa = PBXBuildFile; fileRef = 8434242424F63C1300F0ABB5 /* SystemConfiguration.framework */; };
		8434244024F63DEC00F0ABB5 /* WebKit.framework in Frameworks */ = {isa = PBXBuildFile; fileRef = 8434243F24F63DEC00F0ABB5 /* WebKit.framework */; };
		84899F6924FCDB8E00A58DAE /* PTGAdSDK.bundle in Resources */ = {isa = PBXBuildFile; fileRef = 84899F6824FCDB8E00A58DAE /* PTGAdSDK.bundle */; };
		84E7AA5124F5F9710089F534 /* NativeExpressAdViewController.m in Sources */ = {isa = PBXBuildFile; fileRef = 84E7AA4F24F5F9710089F534 /* NativeExpressAdViewController.m */; };
		84E7AA5224F5F9710089F534 /* NativeExpressAdViewController.xib in Resources */ = {isa = PBXBuildFile; fileRef = 84E7AA5024F5F9710089F534 /* NativeExpressAdViewController.xib */; };
		84E7AA5824F632700089F534 /* Splash.png in Resources */ = {isa = PBXBuildFile; fileRef = 84E7AA5724F632700089F534 /* Splash.png */; };
		84FC4FC824F906620013B668 /* PTGAdFramework.podspec in Resources */ = {isa = PBXBuildFile; fileRef = 84FC4FC724F906620013B668 /* PTGAdFramework.podspec */; };
		84FC4FD024F908000013B668 /* PTGAdSDK.podspec in Resources */ = {isa = PBXBuildFile; fileRef = 84FC4FCF24F908000013B668 /* PTGAdSDK.podspec */; };
		84FC4FD224F909430013B668 /* Bytedance-UnionAD.podspec in Resources */ = {isa = PBXBuildFile; fileRef = 84FC4FD124F909430013B668 /* Bytedance-UnionAD.podspec */; };
		96D5CF93EFE1BC25063BEB67 /* Pods_PTGAdDemo.framework in Frameworks */ = {isa = PBXBuildFile; fileRef = 6B2155196765476F3F2E2AC5 /* Pods_PTGAdDemo.framework */; };
/* End PBXBuildFile section */

/* Begin PBXContainerItemProxy section */
		589213BF24D7194F00AA9B51 /* PBXContainerItemProxy */ = {
			isa = PBXContainerItemProxy;
			containerPortal = 5892139B24D7194D00AA9B51 /* Project object */;
			proxyType = 1;
			remoteGlobalIDString = 589213A224D7194D00AA9B51;
			remoteInfo = PTGAdDemo;
		};
		589213CA24D7195000AA9B51 /* PBXContainerItemProxy */ = {
			isa = PBXContainerItemProxy;
			containerPortal = 5892139B24D7194D00AA9B51 /* Project object */;
			proxyType = 1;
			remoteGlobalIDString = 589213A224D7194D00AA9B51;
			remoteInfo = PTGAdDemo;
		};
/* End PBXContainerItemProxy section */

/* Begin PBXCopyFilesBuildPhase section */
		589213EC24D7272200AA9B51 /* Embed Frameworks */ = {
			isa = PBXCopyFilesBuildPhase;
			buildActionMask = 2147483647;
			dstPath = "";
			dstSubfolderSpec = 10;
			files = (
				58C145D124F404B800EFAC24 /* PTGAdSDK.framework in Embed Frameworks */,
			);
			name = "Embed Frameworks";
			runOnlyForDeploymentPostprocessing = 0;
		};
/* End PBXCopyFilesBuildPhase section */

/* Begin PBXFileReference section */
		54E2E8CE41850248418C85F6 /* Pods-PTGAdDemo.release.xcconfig */ = {isa = PBXFileReference; includeInIndex = 1; lastKnownFileType = text.xcconfig; name = "Pods-PTGAdDemo.release.xcconfig"; path = "Target Support Files/Pods-PTGAdDemo/Pods-PTGAdDemo.release.xcconfig"; sourceTree = "<group>"; };
		589213A324D7194D00AA9B51 /* PTGAdDemo.app */ = {isa = PBXFileReference; explicitFileType = wrapper.application; includeInIndex = 0; path = PTGAdDemo.app; sourceTree = BUILT_PRODUCTS_DIR; };
		589213A624D7194D00AA9B51 /* AppDelegate.h */ = {isa = PBXFileReference; lastKnownFileType = sourcecode.c.h; path = AppDelegate.h; sourceTree = "<group>"; };
		589213A724D7194D00AA9B51 /* AppDelegate.m */ = {isa = PBXFileReference; lastKnownFileType = sourcecode.c.objc; path = AppDelegate.m; sourceTree = "<group>"; };
		589213AC24D7194D00AA9B51 /* ViewController.h */ = {isa = PBXFileReference; lastKnownFileType = sourcecode.c.h; path = ViewController.h; sourceTree = "<group>"; };
		589213AD24D7194D00AA9B51 /* ViewController.m */ = {isa = PBXFileReference; lastKnownFileType = sourcecode.c.objc; path = ViewController.m; sourceTree = "<group>"; };
		589213B024D7194D00AA9B51 /* Base */ = {isa = PBXFileReference; lastKnownFileType = file.storyboard; name = Base; path = Base.lproj/Main.storyboard; sourceTree = "<group>"; };
		589213B224D7194F00AA9B51 /* Assets.xcassets */ = {isa = PBXFileReference; lastKnownFileType = folder.assetcatalog; path = Assets.xcassets; sourceTree = "<group>"; };
		589213B524D7194F00AA9B51 /* Base */ = {isa = PBXFileReference; lastKnownFileType = file.storyboard; name = Base; path = Base.lproj/LaunchScreen.storyboard; sourceTree = "<group>"; };
		589213B724D7194F00AA9B51 /* Info.plist */ = {isa = PBXFileReference; lastKnownFileType = text.plist.xml; path = Info.plist; sourceTree = "<group>"; };
		589213B824D7194F00AA9B51 /* main.m */ = {isa = PBXFileReference; lastKnownFileType = sourcecode.c.objc; path = main.m; sourceTree = "<group>"; };
		589213BE24D7194F00AA9B51 /* PTGAdDemoTests.xctest */ = {isa = PBXFileReference; explicitFileType = wrapper.cfbundle; includeInIndex = 0; path = PTGAdDemoTests.xctest; sourceTree = BUILT_PRODUCTS_DIR; };
		589213C224D7195000AA9B51 /* PTGAdDemoTests.m */ = {isa = PBXFileReference; lastKnownFileType = sourcecode.c.objc; path = PTGAdDemoTests.m; sourceTree = "<group>"; };
		589213C424D7195000AA9B51 /* Info.plist */ = {isa = PBXFileReference; lastKnownFileType = text.plist.xml; path = Info.plist; sourceTree = "<group>"; };
		589213C924D7195000AA9B51 /* PTGAdDemoUITests.xctest */ = {isa = PBXFileReference; explicitFileType = wrapper.cfbundle; includeInIndex = 0; path = PTGAdDemoUITests.xctest; sourceTree = BUILT_PRODUCTS_DIR; };
		589213CD24D7195000AA9B51 /* PTGAdDemoUITests.m */ = {isa = PBXFileReference; lastKnownFileType = sourcecode.c.objc; path = PTGAdDemoUITests.m; sourceTree = "<group>"; };
		589213CF24D7195000AA9B51 /* Info.plist */ = {isa = PBXFileReference; lastKnownFileType = text.plist.xml; path = Info.plist; sourceTree = "<group>"; };
		589213E424D7263000AA9B51 /* Foundation.framework */ = {isa = PBXFileReference; lastKnownFileType = wrapper.framework; name = Foundation.framework; path = System/Library/Frameworks/Foundation.framework; sourceTree = SDKROOT; };
		589213E624D7263A00AA9B51 /* CoreGraphics.framework */ = {isa = PBXFileReference; lastKnownFileType = wrapper.framework; name = CoreGraphics.framework; path = System/Library/Frameworks/CoreGraphics.framework; sourceTree = SDKROOT; };
		589213E824D7264600AA9B51 /* UIKit.framework */ = {isa = PBXFileReference; lastKnownFileType = wrapper.framework; name = UIKit.framework; path = System/Library/Frameworks/UIKit.framework; sourceTree = SDKROOT; };
		58C145CA24F400E100EFAC24 /* PTGAdSDK.framework */ = {isa = PBXFileReference; lastKnownFileType = wrapper.framework; path = PTGAdSDK.framework; sourceTree = "<group>"; };
		5E2D53ABBB8D6A3AA78F14F3 /* Pods-PTGAdDemo.debug.xcconfig */ = {isa = PBXFileReference; includeInIndex = 1; lastKnownFileType = text.xcconfig; name = "Pods-PTGAdDemo.debug.xcconfig"; path = "Target Support Files/Pods-PTGAdDemo/Pods-PTGAdDemo.debug.xcconfig"; sourceTree = "<group>"; };
		6B2155196765476F3F2E2AC5 /* Pods_PTGAdDemo.framework */ = {isa = PBXFileReference; explicitFileType = wrapper.framework; includeInIndex = 0; path = Pods_PTGAdDemo.framework; sourceTree = BUILT_PRODUCTS_DIR; };
		842A3C0E24F8F3D300E20A40 /* PTGAdSDK.framework */ = {isa = PBXFileReference; lastKnownFileType = wrapper.framework; name = PTGAdSDK.framework; path = ../../../Frameworks/PTGAdSDK.framework; sourceTree = "<group>"; };
		8434241824F63B9300F0ABB5 /* StoreKit.framework */ = {isa = PBXFileReference; lastKnownFileType = wrapper.framework; name = StoreKit.framework; path = System/Library/Frameworks/StoreKit.framework; sourceTree = SDKROOT; };
		8434241A24F63B9D00F0ABB5 /* MobileCoreServices.framework */ = {isa = PBXFileReference; lastKnownFileType = wrapper.framework; name = MobileCoreServices.framework; path = System/Library/Frameworks/MobileCoreServices.framework; sourceTree = SDKROOT; };
		8434241C24F63BA800F0ABB5 /* CoreMedia.framework */ = {isa = PBXFileReference; lastKnownFileType = wrapper.framework; name = CoreMedia.framework; path = System/Library/Frameworks/CoreMedia.framework; sourceTree = SDKROOT; };
		8434241E24F63BCA00F0ABB5 /* CoreLocation.framework */ = {isa = PBXFileReference; lastKnownFileType = wrapper.framework; name = CoreLocation.framework; path = System/Library/Frameworks/CoreLocation.framework; sourceTree = SDKROOT; };
		8434242024F63BD400F0ABB5 /* AVFoundation.framework */ = {isa = PBXFileReference; lastKnownFileType = wrapper.framework; name = AVFoundation.framework; path = System/Library/Frameworks/AVFoundation.framework; sourceTree = SDKROOT; };
		8434242224F63C0B00F0ABB5 /* CoreTelephony.framework */ = {isa = PBXFileReference; lastKnownFileType = wrapper.framework; name = CoreTelephony.framework; path = System/Library/Frameworks/CoreTelephony.framework; sourceTree = SDKROOT; };
		8434242424F63C1300F0ABB5 /* SystemConfiguration.framework */ = {isa = PBXFileReference; lastKnownFileType = wrapper.framework; name = SystemConfiguration.framework; path = System/Library/Frameworks/SystemConfiguration.framework; sourceTree = SDKROOT; };
		8434242624F63C1900F0ABB5 /* AdSupport.framework */ = {isa = PBXFileReference; lastKnownFileType = wrapper.framework; name = AdSupport.framework; path = System/Library/Frameworks/AdSupport.framework; sourceTree = SDKROOT; };
		8434242824F63C2500F0ABB5 /* CoreMotion.framework */ = {isa = PBXFileReference; lastKnownFileType = wrapper.framework; name = CoreMotion.framework; path = System/Library/Frameworks/CoreMotion.framework; sourceTree = SDKROOT; };
		8434242A24F63C2C00F0ABB5 /* Accelerate.framework */ = {isa = PBXFileReference; lastKnownFileType = wrapper.framework; name = Accelerate.framework; path = System/Library/Frameworks/Accelerate.framework; sourceTree = SDKROOT; };
		8434242C24F63C3400F0ABB5 /* libresolv.9.tbd */ = {isa = PBXFileReference; lastKnownFileType = "sourcecode.text-based-dylib-definition"; name = libresolv.9.tbd; path = usr/lib/libresolv.9.tbd; sourceTree = SDKROOT; };
		8434242E24F63C4000F0ABB5 /* libc++.tbd */ = {isa = PBXFileReference; lastKnownFileType = "sourcecode.text-based-dylib-definition"; name = "libc++.tbd"; path = "usr/lib/libc++.tbd"; sourceTree = SDKROOT; };
		8434243024F63C4B00F0ABB5 /* libz.tbd */ = {isa = PBXFileReference; lastKnownFileType = "sourcecode.text-based-dylib-definition"; name = libz.tbd; path = usr/lib/libz.tbd; sourceTree = SDKROOT; };
		8434243224F63C5600F0ABB5 /* libsqlite3.tbd */ = {isa = PBXFileReference; lastKnownFileType = "sourcecode.text-based-dylib-definition"; name = libsqlite3.tbd; path = usr/lib/libsqlite3.tbd; sourceTree = SDKROOT; };
		8434243324F63D0200F0ABB5 /* ImageIO.framework */ = {isa = PBXFileReference; lastKnownFileType = wrapper.framework; name = ImageIO.framework; path = System/Library/Frameworks/ImageIO.framework; sourceTree = SDKROOT; };
		8434243A24F63DD000F0ABB5 /* MediaPlayer.framework */ = {isa = PBXFileReference; lastKnownFileType = wrapper.framework; name = MediaPlayer.framework; path = System/Library/Frameworks/MediaPlayer.framework; sourceTree = SDKROOT; };
		8434243F24F63DEC00F0ABB5 /* WebKit.framework */ = {isa = PBXFileReference; lastKnownFileType = wrapper.framework; name = WebKit.framework; path = System/Library/Frameworks/WebKit.framework; sourceTree = SDKROOT; };
		84899F6824FCDB8E00A58DAE /* PTGAdSDK.bundle */ = {isa = PBXFileReference; lastKnownFileType = "wrapper.plug-in"; path = PTGAdSDK.bundle; sourceTree = "<group>"; };
		84E7AA4E24F5F9710089F534 /* NativeExpressAdViewController.h */ = {isa = PBXFileReference; fileEncoding = 4; lastKnownFileType = sourcecode.c.h; path = NativeExpressAdViewController.h; sourceTree = "<group>"; };
		84E7AA4F24F5F9710089F534 /* NativeExpressAdViewController.m */ = {isa = PBXFileReference; fileEncoding = 4; lastKnownFileType = sourcecode.c.objc; path = NativeExpressAdViewController.m; sourceTree = "<group>"; };
		84E7AA5024F5F9710089F534 /* NativeExpressAdViewController.xib */ = {isa = PBXFileReference; fileEncoding = 4; lastKnownFileType = file.xib; path = NativeExpressAdViewController.xib; sourceTree = "<group>"; };
		84E7AA5724F632700089F534 /* Splash.png */ = {isa = PBXFileReference; lastKnownFileType = image.png; name = Splash.png; path = Assets.xcassets/SplashLogo.imageset/Splash.png; sourceTree = "<group>"; };
		84FC4FC724F906620013B668 /* PTGAdFramework.podspec */ = {isa = PBXFileReference; fileEncoding = 4; lastKnownFileType = text; name = PTGAdFramework.podspec; path = ../../../PTGAdFramework.podspec; sourceTree = "<group>"; };
		84FC4FCF24F908000013B668 /* PTGAdSDK.podspec */ = {isa = PBXFileReference; fileEncoding = 4; lastKnownFileType = text; name = PTGAdSDK.podspec; path = ../../../../SDk/PTGAdSDK.podspec; sourceTree = "<group>"; };
		84FC4FD124F909430013B668 /* Bytedance-UnionAD.podspec */ = {isa = PBXFileReference; fileEncoding = 4; lastKnownFileType = text; name = "Bytedance-UnionAD.podspec"; path = "../../../../../广告sdk/Bytedance-UnionAD-master/Bytedance-UnionAD.podspec"; sourceTree = "<group>"; };
/* End PBXFileReference section */

/* Begin PBXFrameworksBuildPhase section */
		589213A024D7194D00AA9B51 /* Frameworks */ = {
			isa = PBXFrameworksBuildPhase;
			buildActionMask = 2147483647;
			files = (
				842A3C1024F8F3D300E20A40 /* PTGAdSDK.framework in Frameworks */,
				8434244024F63DEC00F0ABB5 /* WebKit.framework in Frameworks */,
				8434243E24F63DE600F0ABB5 /* SystemConfiguration.framework in Frameworks */,
				8434243D24F63DDD00F0ABB5 /* CoreMotion.framework in Frameworks */,
				8434243C24F63DD700F0ABB5 /* MobileCoreServices.framework in Frameworks */,
				8434243B24F63DD000F0ABB5 /* MediaPlayer.framework in Frameworks */,
				8434243924F63DC900F0ABB5 /* CoreLocation.framework in Frameworks */,
				8434243824F63DC300F0ABB5 /* CoreTelephony.framework in Frameworks */,
				8434243724F63DBD00F0ABB5 /* CoreMedia.framework in Frameworks */,
				8434243624F63DB700F0ABB5 /* AdSupport.framework in Frameworks */,
				8434243524F63DA800F0ABB5 /* libz.tbd in Frameworks */,
				58C145D024F404B800EFAC24 /* PTGAdSDK.framework in Frameworks */,
				589213E924D7264600AA9B51 /* UIKit.framework in Frameworks */,
				589213E724D7263A00AA9B51 /* CoreGraphics.framework in Frameworks */,
				589213E524D7263000AA9B51 /* Foundation.framework in Frameworks */,
				96D5CF93EFE1BC25063BEB67 /* Pods_PTGAdDemo.framework in Frameworks */,
			);
			runOnlyForDeploymentPostprocessing = 0;
		};
		589213BB24D7194F00AA9B51 /* Frameworks */ = {
			isa = PBXFrameworksBuildPhase;
			buildActionMask = 2147483647;
			files = (
			);
			runOnlyForDeploymentPostprocessing = 0;
		};
		589213C624D7195000AA9B51 /* Frameworks */ = {
			isa = PBXFrameworksBuildPhase;
			buildActionMask = 2147483647;
			files = (
			);
			runOnlyForDeploymentPostprocessing = 0;
		};
/* End PBXFrameworksBuildPhase section */

/* Begin PBXGroup section */
		5892139A24D7194D00AA9B51 = {
			isa = PBXGroup;
			children = (
				589213DB24D7246600AA9B51 /* Frameworks */,
				589213A524D7194D00AA9B51 /* PTGAdDemo */,
				589213C124D7195000AA9B51 /* PTGAdDemoTests */,
				589213CC24D7195000AA9B51 /* PTGAdDemoUITests */,
				589213A424D7194D00AA9B51 /* Products */,
				BC400D573F98C62D4C29488A /* Pods */,
			);
			sourceTree = "<group>";
		};
		589213A424D7194D00AA9B51 /* Products */ = {
			isa = PBXGroup;
			children = (
				589213A324D7194D00AA9B51 /* PTGAdDemo.app */,
				589213BE24D7194F00AA9B51 /* PTGAdDemoTests.xctest */,
				589213C924D7195000AA9B51 /* PTGAdDemoUITests.xctest */,
			);
			name = Products;
			sourceTree = "<group>";
		};
		589213A524D7194D00AA9B51 /* PTGAdDemo */ = {
			isa = PBXGroup;
			children = (
				589213A724D7194D00AA9B51 /* AppDelegate.m */,
				589213A624D7194D00AA9B51 /* AppDelegate.h */,
				84FC4FCF24F908000013B668 /* PTGAdSDK.podspec */,
				84FC4FD124F909430013B668 /* Bytedance-UnionAD.podspec */,
				84FC4FC724F906620013B668 /* PTGAdFramework.podspec */,
				589213AC24D7194D00AA9B51 /* ViewController.h */,
				589213AD24D7194D00AA9B51 /* ViewController.m */,
				589213AF24D7194D00AA9B51 /* Main.storyboard */,
				84E7AA4E24F5F9710089F534 /* NativeExpressAdViewController.h */,
				84E7AA4F24F5F9710089F534 /* NativeExpressAdViewController.m */,
				84E7AA5024F5F9710089F534 /* NativeExpressAdViewController.xib */,
				589213B224D7194F00AA9B51 /* Assets.xcassets */,
				589213B424D7194F00AA9B51 /* LaunchScreen.storyboard */,
				84E7AA5724F632700089F534 /* Splash.png */,
				589213B724D7194F00AA9B51 /* Info.plist */,
				589213B824D7194F00AA9B51 /* main.m */,
			);
			path = PTGAdDemo;
			sourceTree = "<group>";
		};
		589213C124D7195000AA9B51 /* PTGAdDemoTests */ = {
			isa = PBXGroup;
			children = (
				589213C224D7195000AA9B51 /* PTGAdDemoTests.m */,
				589213C424D7195000AA9B51 /* Info.plist */,
			);
			path = PTGAdDemoTests;
			sourceTree = "<group>";
		};
		589213CC24D7195000AA9B51 /* PTGAdDemoUITests */ = {
			isa = PBXGroup;
			children = (
				589213CD24D7195000AA9B51 /* PTGAdDemoUITests.m */,
				589213CF24D7195000AA9B51 /* Info.plist */,
			);
			path = PTGAdDemoUITests;
			sourceTree = "<group>";
		};
		589213DB24D7246600AA9B51 /* Frameworks */ = {
			isa = PBXGroup;
			children = (
				84899F6824FCDB8E00A58DAE /* PTGAdSDK.bundle */,
				842A3C0E24F8F3D300E20A40 /* PTGAdSDK.framework */,
				8434243F24F63DEC00F0ABB5 /* WebKit.framework */,
				8434243A24F63DD000F0ABB5 /* MediaPlayer.framework */,
				8434243324F63D0200F0ABB5 /* ImageIO.framework */,
				8434243224F63C5600F0ABB5 /* libsqlite3.tbd */,
				8434243024F63C4B00F0ABB5 /* libz.tbd */,
				8434242E24F63C4000F0ABB5 /* libc++.tbd */,
				8434242C24F63C3400F0ABB5 /* libresolv.9.tbd */,
				8434242A24F63C2C00F0ABB5 /* Accelerate.framework */,
				8434242824F63C2500F0ABB5 /* CoreMotion.framework */,
				8434242624F63C1900F0ABB5 /* AdSupport.framework */,
				8434242424F63C1300F0ABB5 /* SystemConfiguration.framework */,
				8434242224F63C0B00F0ABB5 /* CoreTelephony.framework */,
				8434242024F63BD400F0ABB5 /* AVFoundation.framework */,
				8434241E24F63BCA00F0ABB5 /* CoreLocation.framework */,
				8434241C24F63BA800F0ABB5 /* CoreMedia.framework */,
				8434241A24F63B9D00F0ABB5 /* MobileCoreServices.framework */,
				8434241824F63B9300F0ABB5 /* StoreKit.framework */,
				58C145CA24F400E100EFAC24 /* PTGAdSDK.framework */,
				589213E824D7264600AA9B51 /* UIKit.framework */,
				589213E624D7263A00AA9B51 /* CoreGraphics.framework */,
				589213E424D7263000AA9B51 /* Foundation.framework */,
				6B2155196765476F3F2E2AC5 /* Pods_PTGAdDemo.framework */,
			);
			path = Frameworks;
			sourceTree = "<group>";
		};
		BC400D573F98C62D4C29488A /* Pods */ = {
			isa = PBXGroup;
			children = (
				5E2D53ABBB8D6A3AA78F14F3 /* Pods-PTGAdDemo.debug.xcconfig */,
				54E2E8CE41850248418C85F6 /* Pods-PTGAdDemo.release.xcconfig */,
			);
			path = Pods;
			sourceTree = "<group>";
		};
/* End PBXGroup section */

/* Begin PBXNativeTarget section */
		589213A224D7194D00AA9B51 /* PTGAdDemo */ = {
			isa = PBXNativeTarget;
			buildConfigurationList = 589213D224D7195000AA9B51 /* Build configuration list for PBXNativeTarget "PTGAdDemo" */;
			buildPhases = (
				21DC812167A62052E7B57368 /* [CP] Check Pods Manifest.lock */,
				5892139F24D7194D00AA9B51 /* Sources */,
				589213A024D7194D00AA9B51 /* Frameworks */,
				589213A124D7194D00AA9B51 /* Resources */,
				589213EC24D7272200AA9B51 /* Embed Frameworks */,
				052DD2DE251C5177433F9D41 /* [CP] Copy Pods Resources */,
			);
			buildRules = (
			);
			dependencies = (
			);
			name = PTGAdDemo;
			productName = PTGAdDemo;
			productReference = 589213A324D7194D00AA9B51 /* PTGAdDemo.app */;
			productType = "com.apple.product-type.application";
		};
		589213BD24D7194F00AA9B51 /* PTGAdDemoTests */ = {
			isa = PBXNativeTarget;
			buildConfigurationList = 589213D524D7195000AA9B51 /* Build configuration list for PBXNativeTarget "PTGAdDemoTests" */;
			buildPhases = (
				589213BA24D7194F00AA9B51 /* Sources */,
				589213BB24D7194F00AA9B51 /* Frameworks */,
				589213BC24D7194F00AA9B51 /* Resources */,
			);
			buildRules = (
			);
			dependencies = (
				589213C024D7194F00AA9B51 /* PBXTargetDependency */,
			);
			name = PTGAdDemoTests;
			productName = PTGAdDemoTests;
			productReference = 589213BE24D7194F00AA9B51 /* PTGAdDemoTests.xctest */;
			productType = "com.apple.product-type.bundle.unit-test";
		};
		589213C824D7195000AA9B51 /* PTGAdDemoUITests */ = {
			isa = PBXNativeTarget;
			buildConfigurationList = 589213D824D7195000AA9B51 /* Build configuration list for PBXNativeTarget "PTGAdDemoUITests" */;
			buildPhases = (
				589213C524D7195000AA9B51 /* Sources */,
				589213C624D7195000AA9B51 /* Frameworks */,
				589213C724D7195000AA9B51 /* Resources */,
			);
			buildRules = (
			);
			dependencies = (
				589213CB24D7195000AA9B51 /* PBXTargetDependency */,
			);
			name = PTGAdDemoUITests;
			productName = PTGAdDemoUITests;
			productReference = 589213C924D7195000AA9B51 /* PTGAdDemoUITests.xctest */;
			productType = "com.apple.product-type.bundle.ui-testing";
		};
/* End PBXNativeTarget section */

/* Begin PBXProject section */
		5892139B24D7194D00AA9B51 /* Project object */ = {
			isa = PBXProject;
			attributes = {
				LastUpgradeCheck = 1140;
				ORGANIZATIONNAME = ptg;
				TargetAttributes = {
					589213A224D7194D00AA9B51 = {
						CreatedOnToolsVersion = 11.4.1;
					};
					589213BD24D7194F00AA9B51 = {
						CreatedOnToolsVersion = 11.4.1;
						TestTargetID = 589213A224D7194D00AA9B51;
					};
					589213C824D7195000AA9B51 = {
						CreatedOnToolsVersion = 11.4.1;
						TestTargetID = 589213A224D7194D00AA9B51;
					};
				};
			};
			buildConfigurationList = 5892139E24D7194D00AA9B51 /* Build configuration list for PBXProject "PTGAdDemo" */;
			compatibilityVersion = "Xcode 9.3";
			developmentRegion = en;
			hasScannedForEncodings = 0;
			knownRegions = (
				en,
				Base,
			);
			mainGroup = 5892139A24D7194D00AA9B51;
			productRefGroup = 589213A424D7194D00AA9B51 /* Products */;
			projectDirPath = "";
			projectRoot = "";
			targets = (
				589213A224D7194D00AA9B51 /* PTGAdDemo */,
				589213BD24D7194F00AA9B51 /* PTGAdDemoTests */,
				589213C824D7195000AA9B51 /* PTGAdDemoUITests */,
			);
		};
/* End PBXProject section */

/* Begin PBXResourcesBuildPhase section */
		589213A124D7194D00AA9B51 /* Resources */ = {
			isa = PBXResourcesBuildPhase;
			buildActionMask = 2147483647;
			files = (
				589213B624D7194F00AA9B51 /* LaunchScreen.storyboard in Resources */,
				84899F6924FCDB8E00A58DAE /* PTGAdSDK.bundle in Resources */,
				84E7AA5824F632700089F534 /* Splash.png in Resources */,
				84E7AA5224F5F9710089F534 /* NativeExpressAdViewController.xib in Resources */,
				589213B324D7194F00AA9B51 /* Assets.xcassets in Resources */,
				589213B124D7194D00AA9B51 /* Main.storyboard in Resources */,
				84FC4FD024F908000013B668 /* PTGAdSDK.podspec in Resources */,
				84FC4FD224F909430013B668 /* Bytedance-UnionAD.podspec in Resources */,
				84FC4FC824F906620013B668 /* PTGAdFramework.podspec in Resources */,
			);
			runOnlyForDeploymentPostprocessing = 0;
		};
		589213BC24D7194F00AA9B51 /* Resources */ = {
			isa = PBXResourcesBuildPhase;
			buildActionMask = 2147483647;
			files = (
			);
			runOnlyForDeploymentPostprocessing = 0;
		};
		589213C724D7195000AA9B51 /* Resources */ = {
			isa = PBXResourcesBuildPhase;
			buildActionMask = 2147483647;
			files = (
			);
			runOnlyForDeploymentPostprocessing = 0;
		};
/* End PBXResourcesBuildPhase section */

/* Begin PBXShellScriptBuildPhase section */
		052DD2DE251C5177433F9D41 /* [CP] Copy Pods Resources */ = {
			isa = PBXShellScriptBuildPhase;
			buildActionMask = 2147483647;
			files = (
			);
			inputFileListPaths = (
				"${PODS_ROOT}/Target Support Files/Pods-PTGAdDemo/Pods-PTGAdDemo-resources-${CONFIGURATION}-input-files.xcfilelist",
			);
			name = "[CP] Copy Pods Resources";
			outputFileListPaths = (
				"${PODS_ROOT}/Target Support Files/Pods-PTGAdDemo/Pods-PTGAdDemo-resources-${CONFIGURATION}-output-files.xcfilelist",
			);
			runOnlyForDeploymentPostprocessing = 0;
			shellPath = /bin/sh;
			shellScript = "\"${PODS_ROOT}/Target Support Files/Pods-PTGAdDemo/Pods-PTGAdDemo-resources.sh\"\n";
			showEnvVarsInLog = 0;
		};
		21DC812167A62052E7B57368 /* [CP] Check Pods Manifest.lock */ = {
			isa = PBXShellScriptBuildPhase;
			buildActionMask = 2147483647;
			files = (
			);
			inputFileListPaths = (
			);
			inputPaths = (
				"${PODS_PODFILE_DIR_PATH}/Podfile.lock",
				"${PODS_ROOT}/Manifest.lock",
			);
			name = "[CP] Check Pods Manifest.lock";
			outputFileListPaths = (
			);
			outputPaths = (
				"$(DERIVED_FILE_DIR)/Pods-PTGAdDemo-checkManifestLockResult.txt",
			);
			runOnlyForDeploymentPostprocessing = 0;
			shellPath = /bin/sh;
			shellScript = "diff \"${PODS_PODFILE_DIR_PATH}/Podfile.lock\" \"${PODS_ROOT}/Manifest.lock\" > /dev/null\nif [ $? != 0 ] ; then\n    # print error to STDERR\n    echo \"error: The sandbox is not in sync with the Podfile.lock. Run 'pod install' or update your CocoaPods installation.\" >&2\n    exit 1\nfi\n# This output is used by Xcode 'outputs' to avoid re-running this script phase.\necho \"SUCCESS\" > \"${SCRIPT_OUTPUT_FILE_0}\"\n";
			showEnvVarsInLog = 0;
		};
/* End PBXShellScriptBuildPhase section */

/* Begin PBXSourcesBuildPhase section */
		5892139F24D7194D00AA9B51 /* Sources */ = {
			isa = PBXSourcesBuildPhase;
			buildActionMask = 2147483647;
			files = (
				589213AE24D7194D00AA9B51 /* ViewController.m in Sources */,
				589213A824D7194D00AA9B51 /* AppDelegate.m in Sources */,
				589213B924D7194F00AA9B51 /* main.m in Sources */,
				84E7AA5124F5F9710089F534 /* NativeExpressAdViewController.m in Sources */,
			);
			runOnlyForDeploymentPostprocessing = 0;
		};
		589213BA24D7194F00AA9B51 /* Sources */ = {
			isa = PBXSourcesBuildPhase;
			buildActionMask = 2147483647;
			files = (
				589213C324D7195000AA9B51 /* PTGAdDemoTests.m in Sources */,
			);
			runOnlyForDeploymentPostprocessing = 0;
		};
		589213C524D7195000AA9B51 /* Sources */ = {
			isa = PBXSourcesBuildPhase;
			buildActionMask = 2147483647;
			files = (
				589213CE24D7195000AA9B51 /* PTGAdDemoUITests.m in Sources */,
			);
			runOnlyForDeploymentPostprocessing = 0;
		};
/* End PBXSourcesBuildPhase section */

/* Begin PBXTargetDependency section */
		589213C024D7194F00AA9B51 /* PBXTargetDependency */ = {
			isa = PBXTargetDependency;
			target = 589213A224D7194D00AA9B51 /* PTGAdDemo */;
			targetProxy = 589213BF24D7194F00AA9B51 /* PBXContainerItemProxy */;
		};
		589213CB24D7195000AA9B51 /* PBXTargetDependency */ = {
			isa = PBXTargetDependency;
			target = 589213A224D7194D00AA9B51 /* PTGAdDemo */;
			targetProxy = 589213CA24D7195000AA9B51 /* PBXContainerItemProxy */;
		};
/* End PBXTargetDependency section */

/* Begin PBXVariantGroup section */
		589213AF24D7194D00AA9B51 /* Main.storyboard */ = {
			isa = PBXVariantGroup;
			children = (
				589213B024D7194D00AA9B51 /* Base */,
			);
			name = Main.storyboard;
			sourceTree = "<group>";
		};
		589213B424D7194F00AA9B51 /* LaunchScreen.storyboard */ = {
			isa = PBXVariantGroup;
			children = (
				589213B524D7194F00AA9B51 /* Base */,
			);
			name = LaunchScreen.storyboard;
			sourceTree = "<group>";
		};
/* End PBXVariantGroup section */

/* Begin XCBuildConfiguration section */
		589213D024D7195000AA9B51 /* Debug */ = {
			isa = XCBuildConfiguration;
			buildSettings = {
				ALWAYS_SEARCH_USER_PATHS = NO;
				CLANG_ANALYZER_NONNULL = YES;
				CLANG_ANALYZER_NUMBER_OBJECT_CONVERSION = YES_AGGRESSIVE;
				CLANG_CXX_LANGUAGE_STANDARD = "gnu++14";
				CLANG_CXX_LIBRARY = "libc++";
				CLANG_ENABLE_MODULES = YES;
				CLANG_ENABLE_OBJC_ARC = YES;
				CLANG_ENABLE_OBJC_WEAK = YES;
				CLANG_WARN_BLOCK_CAPTURE_AUTORELEASING = YES;
				CLANG_WARN_BOOL_CONVERSION = YES;
				CLANG_WARN_COMMA = YES;
				CLANG_WARN_CONSTANT_CONVERSION = YES;
				CLANG_WARN_DEPRECATED_OBJC_IMPLEMENTATIONS = YES;
				CLANG_WARN_DIRECT_OBJC_ISA_USAGE = YES_ERROR;
				CLANG_WARN_DOCUMENTATION_COMMENTS = YES;
				CLANG_WARN_EMPTY_BODY = YES;
				CLANG_WARN_ENUM_CONVERSION = YES;
				CLANG_WARN_INFINITE_RECURSION = YES;
				CLANG_WARN_INT_CONVERSION = YES;
				CLANG_WARN_NON_LITERAL_NULL_CONVERSION = YES;
				CLANG_WARN_OBJC_IMPLICIT_RETAIN_SELF = YES;
				CLANG_WARN_OBJC_LITERAL_CONVERSION = YES;
				CLANG_WARN_OBJC_ROOT_CLASS = YES_ERROR;
				CLANG_WARN_RANGE_LOOP_ANALYSIS = YES;
				CLANG_WARN_STRICT_PROTOTYPES = YES;
				CLANG_WARN_SUSPICIOUS_MOVE = YES;
				CLANG_WARN_UNGUARDED_AVAILABILITY = YES_AGGRESSIVE;
				CLANG_WARN_UNREACHABLE_CODE = YES;
				CLANG_WARN__DUPLICATE_METHOD_MATCH = YES;
				COPY_PHASE_STRIP = NO;
				DEBUG_INFORMATION_FORMAT = dwarf;
				ENABLE_STRICT_OBJC_MSGSEND = YES;
				ENABLE_TESTABILITY = YES;
				GCC_C_LANGUAGE_STANDARD = gnu11;
				GCC_DYNAMIC_NO_PIC = NO;
				GCC_NO_COMMON_BLOCKS = YES;
				GCC_OPTIMIZATION_LEVEL = 0;
				GCC_PREPROCESSOR_DEFINITIONS = (
					"DEBUG=1",
					"$(inherited)",
				);
				GCC_WARN_64_TO_32_BIT_CONVERSION = YES;
				GCC_WARN_ABOUT_RETURN_TYPE = YES_ERROR;
				GCC_WARN_UNDECLARED_SELECTOR = YES;
				GCC_WARN_UNINITIALIZED_AUTOS = YES_AGGRESSIVE;
				GCC_WARN_UNUSED_FUNCTION = YES;
				GCC_WARN_UNUSED_VARIABLE = YES;
				IPHONEOS_DEPLOYMENT_TARGET = 13.4;
				MTL_ENABLE_DEBUG_INFO = INCLUDE_SOURCE;
				MTL_FAST_MATH = YES;
				ONLY_ACTIVE_ARCH = YES;
				SDKROOT = iphoneos;
			};
			name = Debug;
		};
		589213D124D7195000AA9B51 /* Release */ = {
			isa = XCBuildConfiguration;
			buildSettings = {
				ALWAYS_SEARCH_USER_PATHS = NO;
				CLANG_ANALYZER_NONNULL = YES;
				CLANG_ANALYZER_NUMBER_OBJECT_CONVERSION = YES_AGGRESSIVE;
				CLANG_CXX_LANGUAGE_STANDARD = "gnu++14";
				CLANG_CXX_LIBRARY = "libc++";
				CLANG_ENABLE_MODULES = YES;
				CLANG_ENABLE_OBJC_ARC = YES;
				CLANG_ENABLE_OBJC_WEAK = YES;
				CLANG_WARN_BLOCK_CAPTURE_AUTORELEASING = YES;
				CLANG_WARN_BOOL_CONVERSION = YES;
				CLANG_WARN_COMMA = YES;
				CLANG_WARN_CONSTANT_CONVERSION = YES;
				CLANG_WARN_DEPRECATED_OBJC_IMPLEMENTATIONS = YES;
				CLANG_WARN_DIRECT_OBJC_ISA_USAGE = YES_ERROR;
				CLANG_WARN_DOCUMENTATION_COMMENTS = YES;
				CLANG_WARN_EMPTY_BODY = YES;
				CLANG_WARN_ENUM_CONVERSION = YES;
				CLANG_WARN_INFINITE_RECURSION = YES;
				CLANG_WARN_INT_CONVERSION = YES;
				CLANG_WARN_NON_LITERAL_NULL_CONVERSION = YES;
				CLANG_WARN_OBJC_IMPLICIT_RETAIN_SELF = YES;
				CLANG_WARN_OBJC_LITERAL_CONVERSION = YES;
				CLANG_WARN_OBJC_ROOT_CLASS = YES_ERROR;
				CLANG_WARN_RANGE_LOOP_ANALYSIS = YES;
				CLANG_WARN_STRICT_PROTOTYPES = YES;
				CLANG_WARN_SUSPICIOUS_MOVE = YES;
				CLANG_WARN_UNGUARDED_AVAILABILITY = YES_AGGRESSIVE;
				CLANG_WARN_UNREACHABLE_CODE = YES;
				CLANG_WARN__DUPLICATE_METHOD_MATCH = YES;
				COPY_PHASE_STRIP = NO;
				DEBUG_INFORMATION_FORMAT = "dwarf-with-dsym";
				ENABLE_NS_ASSERTIONS = NO;
				ENABLE_STRICT_OBJC_MSGSEND = YES;
				GCC_C_LANGUAGE_STANDARD = gnu11;
				GCC_NO_COMMON_BLOCKS = YES;
				GCC_WARN_64_TO_32_BIT_CONVERSION = YES;
				GCC_WARN_ABOUT_RETURN_TYPE = YES_ERROR;
				GCC_WARN_UNDECLARED_SELECTOR = YES;
				GCC_WARN_UNINITIALIZED_AUTOS = YES_AGGRESSIVE;
				GCC_WARN_UNUSED_FUNCTION = YES;
				GCC_WARN_UNUSED_VARIABLE = YES;
				IPHONEOS_DEPLOYMENT_TARGET = 13.4;
				MTL_ENABLE_DEBUG_INFO = NO;
				MTL_FAST_MATH = YES;
				SDKROOT = iphoneos;
				VALIDATE_PRODUCT = YES;
			};
			name = Release;
		};
		589213D324D7195000AA9B51 /* Debug */ = {
			isa = XCBuildConfiguration;
			baseConfigurationReference = 5E2D53ABBB8D6A3AA78F14F3 /* Pods-PTGAdDemo.debug.xcconfig */;
			buildSettings = {
				ASSETCATALOG_COMPILER_APPICON_NAME = AppIcon;
				CODE_SIGN_IDENTITY = "iPhone Developer";
				CODE_SIGN_STYLE = Manual;
				DEVELOPMENT_TEAM = DJ249QHZ5X;
				ENABLE_BITCODE = NO;
				FRAMEWORK_SEARCH_PATHS = (
					"$(inherited)",
					"$(PROJECT_DIR)/Frameworks",
				);
				INFOPLIST_FILE = PTGAdDemo/Info.plist;
				IPHONEOS_DEPLOYMENT_TARGET = 9.0;
				LD_RUNPATH_SEARCH_PATHS = (
					"$(inherited)",
					"@executable_path/Frameworks",
				);
				OTHER_LDFLAGS = (
					"$(inherited)",
					"-ObjC",
					"-all_load",
				);
				PRODUCT_BUNDLE_IDENTIFIER = com.bmlchina.driver;
				PRODUCT_NAME = "$(TARGET_NAME)";
				PROVISIONING_PROFILE_SPECIFIER = com.bmlchina.driver_dev;
				TARGETED_DEVICE_FAMILY = "1,2";
			};
			name = Debug;
		};
		589213D424D7195000AA9B51 /* Release */ = {
			isa = XCBuildConfiguration;
			baseConfigurationReference = 54E2E8CE41850248418C85F6 /* Pods-PTGAdDemo.release.xcconfig */;
			buildSettings = {
				ASSETCATALOG_COMPILER_APPICON_NAME = AppIcon;
				CODE_SIGN_IDENTITY = "iPhone Developer";
				CODE_SIGN_STYLE = Manual;
				DEVELOPMENT_TEAM = DJ249QHZ5X;
				ENABLE_BITCODE = NO;
				FRAMEWORK_SEARCH_PATHS = (
					"$(inherited)",
					"$(PROJECT_DIR)/Frameworks",
				);
				INFOPLIST_FILE = PTGAdDemo/Info.plist;
				IPHONEOS_DEPLOYMENT_TARGET = 9.0;
				LD_RUNPATH_SEARCH_PATHS = (
					"$(inherited)",
					"@executable_path/Frameworks",
				);
				OTHER_LDFLAGS = (
					"$(inherited)",
					"-ObjC",
					"-all_load",
				);
				PRODUCT_BUNDLE_IDENTIFIER = com.bmlchina.driver;
				PRODUCT_NAME = "$(TARGET_NAME)";
				PROVISIONING_PROFILE_SPECIFIER = com.bmlchina.driver_dev;
				TARGETED_DEVICE_FAMILY = "1,2";
			};
			name = Release;
		};
		589213D624D7195000AA9B51 /* Debug */ = {
			isa = XCBuildConfiguration;
			buildSettings = {
				BUNDLE_LOADER = "$(TEST_HOST)";
				CODE_SIGN_STYLE = Automatic;
				INFOPLIST_FILE = PTGAdDemoTests/Info.plist;
				IPHONEOS_DEPLOYMENT_TARGET = 13.4;
				LD_RUNPATH_SEARCH_PATHS = (
					"$(inherited)",
					"@executable_path/Frameworks",
					"@loader_path/Frameworks",
				);
				PRODUCT_BUNDLE_IDENTIFIER = com.ptg.PTGAdDemoTests;
				PRODUCT_NAME = "$(TARGET_NAME)";
				TARGETED_DEVICE_FAMILY = "1,2";
				TEST_HOST = "$(BUILT_PRODUCTS_DIR)/PTGAdDemo.app/PTGAdDemo";
			};
			name = Debug;
		};
		589213D724D7195000AA9B51 /* Release */ = {
			isa = XCBuildConfiguration;
			buildSettings = {
				BUNDLE_LOADER = "$(TEST_HOST)";
				CODE_SIGN_STYLE = Automatic;
				INFOPLIST_FILE = PTGAdDemoTests/Info.plist;
				IPHONEOS_DEPLOYMENT_TARGET = 13.4;
				LD_RUNPATH_SEARCH_PATHS = (
					"$(inherited)",
					"@executable_path/Frameworks",
					"@loader_path/Frameworks",
				);
				PRODUCT_BUNDLE_IDENTIFIER = com.ptg.PTGAdDemoTests;
				PRODUCT_NAME = "$(TARGET_NAME)";
				TARGETED_DEVICE_FAMILY = "1,2";
				TEST_HOST = "$(BUILT_PRODUCTS_DIR)/PTGAdDemo.app/PTGAdDemo";
			};
			name = Release;
		};
		589213D924D7195000AA9B51 /* Debug */ = {
			isa = XCBuildConfiguration;
			buildSettings = {
				CODE_SIGN_STYLE = Automatic;
				INFOPLIST_FILE = PTGAdDemoUITests/Info.plist;
				LD_RUNPATH_SEARCH_PATHS = (
					"$(inherited)",
					"@executable_path/Frameworks",
					"@loader_path/Frameworks",
				);
				PRODUCT_BUNDLE_IDENTIFIER = com.ptg.PTGAdDemoUITests;
				PRODUCT_NAME = "$(TARGET_NAME)";
				TARGETED_DEVICE_FAMILY = "1,2";
				TEST_TARGET_NAME = PTGAdDemo;
			};
			name = Debug;
		};
		589213DA24D7195000AA9B51 /* Release */ = {
			isa = XCBuildConfiguration;
			buildSettings = {
				CODE_SIGN_STYLE = Automatic;
				INFOPLIST_FILE = PTGAdDemoUITests/Info.plist;
				LD_RUNPATH_SEARCH_PATHS = (
					"$(inherited)",
					"@executable_path/Frameworks",
					"@loader_path/Frameworks",
				);
				PRODUCT_BUNDLE_IDENTIFIER = com.ptg.PTGAdDemoUITests;
				PRODUCT_NAME = "$(TARGET_NAME)";
				TARGETED_DEVICE_FAMILY = "1,2";
				TEST_TARGET_NAME = PTGAdDemo;
			};
			name = Release;
		};
/* End XCBuildConfiguration section */

/* Begin XCConfigurationList section */
		5892139E24D7194D00AA9B51 /* Build configuration list for PBXProject "PTGAdDemo" */ = {
			isa = XCConfigurationList;
			buildConfigurations = (
				589213D024D7195000AA9B51 /* Debug */,
				589213D124D7195000AA9B51 /* Release */,
			);
			defaultConfigurationIsVisible = 0;
			defaultConfigurationName = Release;
		};
		589213D224D7195000AA9B51 /* Build configuration list for PBXNativeTarget "PTGAdDemo" */ = {
			isa = XCConfigurationList;
			buildConfigurations = (
				589213D324D7195000AA9B51 /* Debug */,
				589213D424D7195000AA9B51 /* Release */,
			);
			defaultConfigurationIsVisible = 0;
			defaultConfigurationName = Release;
		};
		589213D524D7195000AA9B51 /* Build configuration list for PBXNativeTarget "PTGAdDemoTests" */ = {
			isa = XCConfigurationList;
			buildConfigurations = (
				589213D624D7195000AA9B51 /* Debug */,
				589213D724D7195000AA9B51 /* Release */,
			);
			defaultConfigurationIsVisible = 0;
			defaultConfigurationName = Release;
		};
		589213D824D7195000AA9B51 /* Build configuration list for PBXNativeTarget "PTGAdDemoUITests" */ = {
			isa = XCConfigurationList;
			buildConfigurations = (
				589213D924D7195000AA9B51 /* Debug */,
				589213DA24D7195000AA9B51 /* Release */,
			);
			defaultConfigurationIsVisible = 0;
			defaultConfigurationName = Release;
		};
/* End XCConfigurationList section */
	};
	rootObject = 5892139B24D7194D00AA9B51 /* Project object */;
}
