// !$*UTF8*$!
{
	archiveVersion = 1;
	classes = {
	};
	objectVersion = 51;
	objects = {

/* Begin PBXBuildFile section */
		3177AD1E55E905B3B60A3CB3 /* libPods-PTGAdDemo.a in Frameworks */ = {isa = PBXBuildFile; fileRef = 887B3BEB1A0F27F46A371FC3 /* libPods-PTGAdDemo.a */; };
		589213A824D7194D00AA9B51 /* AppDelegate.m in Sources */ = {isa = PBXBuildFile; fileRef = 589213A724D7194D00AA9B51 /* AppDelegate.m */; };
		589213AE24D7194D00AA9B51 /* ViewController.m in Sources */ = {isa = PBXBuildFile; fileRef = 589213AD24D7194D00AA9B51 /* ViewController.m */; };
		589213B124D7194D00AA9B51 /* Main.storyboard in Resources */ = {isa = PBXBuildFile; fileRef = 589213AF24D7194D00AA9B51 /* Main.storyboard */; };
		589213B324D7194F00AA9B51 /* Assets.xcassets in Resources */ = {isa = PBXBuildFile; fileRef = 589213B224D7194F00AA9B51 /* Assets.xcassets */; };
		589213B624D7194F00AA9B51 /* LaunchScreen.storyboard in Resources */ = {isa = PBXBuildFile; fileRef = 589213B424D7194F00AA9B51 /* LaunchScreen.storyboard */; };
		589213B924D7194F00AA9B51 /* main.m in Sources */ = {isa = PBXBuildFile; fileRef = 589213B824D7194F00AA9B51 /* main.m */; };
		589213C324D7195000AA9B51 /* PTGAdDemoTests.m in Sources */ = {isa = PBXBuildFile; fileRef = 589213C224D7195000AA9B51 /* PTGAdDemoTests.m */; };
		589213CE24D7195000AA9B51 /* PTGAdDemoUITests.m in Sources */ = {isa = PBXBuildFile; fileRef = 589213CD24D7195000AA9B51 /* PTGAdDemoUITests.m */; };
		845CE740251A1D0800CA3F05 /* PTGNormalButton.m in Sources */ = {isa = PBXBuildFile; fileRef = 845CE73C251A1D0800CA3F05 /* PTGNormalButton.m */; };
		847416F12518A6550090F892 /* PTGBaseViewController.m in Sources */ = {isa = PBXBuildFile; fileRef = 847416E42518A6550090F892 /* PTGBaseViewController.m */; };
		847416F22518A6550090F892 /* PTGRewardVideoViewController.xib in Resources */ = {isa = PBXBuildFile; fileRef = 847416E52518A6550090F892 /* PTGRewardVideoViewController.xib */; };
		847416F32518A6550090F892 /* PTGBannerViewController.xib in Resources */ = {isa = PBXBuildFile; fileRef = 847416E82518A6550090F892 /* PTGBannerViewController.xib */; };
		847416F42518A6550090F892 /* PTGBannerViewController.m in Sources */ = {isa = PBXBuildFile; fileRef = 847416EC2518A6550090F892 /* PTGBannerViewController.m */; };
		847416F52518A6550090F892 /* PTGRewardVideoViewController.m in Sources */ = {isa = PBXBuildFile; fileRef = 847416ED2518A6550090F892 /* PTGRewardVideoViewController.m */; };
		847416F62518A6550090F892 /* NativeExpressAdViewController.xib in Resources */ = {isa = PBXBuildFile; fileRef = 847416EE2518A6550090F892 /* NativeExpressAdViewController.xib */; };
		847416F72518A6550090F892 /* PTGInterstitialViewController.m in Sources */ = {isa = PBXBuildFile; fileRef = 847416EF2518A6550090F892 /* PTGInterstitialViewController.m */; };
		847416F82518A6550090F892 /* NativeExpressAdViewController.m in Sources */ = {isa = PBXBuildFile; fileRef = 847416F02518A6550090F892 /* NativeExpressAdViewController.m */; };
		84E7AA5824F632700089F534 /* Splash.png in Resources */ = {isa = PBXBuildFile; fileRef = 84E7AA5724F632700089F534 /* Splash.png */; };
/* End PBXBuildFile section */

/* Begin PBXContainerItemProxy section */
		589213BF24D7194F00AA9B51 /* PBXContainerItemProxy */ = {
			isa = PBXContainerItemProxy;
			containerPortal = 5892139B24D7194D00AA9B51 /* Project object */;
			proxyType = 1;
			remoteGlobalIDString = 589213A224D7194D00AA9B51;
			remoteInfo = PTGAdDemo;
		};
		589213CA24D7195000AA9B51 /* PBXContainerItemProxy */ = {
			isa = PBXContainerItemProxy;
			containerPortal = 5892139B24D7194D00AA9B51 /* Project object */;
			proxyType = 1;
			remoteGlobalIDString = 589213A224D7194D00AA9B51;
			remoteInfo = PTGAdDemo;
		};
/* End PBXContainerItemProxy section */

/* Begin PBXCopyFilesBuildPhase section */
		589213EC24D7272200AA9B51 /* Embed Frameworks */ = {
			isa = PBXCopyFilesBuildPhase;
			buildActionMask = 2147483647;
			dstPath = "";
			dstSubfolderSpec = 10;
			files = (
			);
			name = "Embed Frameworks";
			runOnlyForDeploymentPostprocessing = 0;
		};
/* End PBXCopyFilesBuildPhase section */

/* Begin PBXFileReference section */
		54E2E8CE41850248418C85F6 /* Pods-PTGAdDemo.release.xcconfig */ = {isa = PBXFileReference; includeInIndex = 1; lastKnownFileType = text.xcconfig; name = "Pods-PTGAdDemo.release.xcconfig"; path = "Target Support Files/Pods-PTGAdDemo/Pods-PTGAdDemo.release.xcconfig"; sourceTree = "<group>"; };
		589213A324D7194D00AA9B51 /* PTGAdDemo.app */ = {isa = PBXFileReference; explicitFileType = wrapper.application; includeInIndex = 0; path = PTGAdDemo.app; sourceTree = BUILT_PRODUCTS_DIR; };
		589213A624D7194D00AA9B51 /* AppDelegate.h */ = {isa = PBXFileReference; lastKnownFileType = sourcecode.c.h; path = AppDelegate.h; sourceTree = "<group>"; };
		589213A724D7194D00AA9B51 /* AppDelegate.m */ = {isa = PBXFileReference; lastKnownFileType = sourcecode.c.objc; path = AppDelegate.m; sourceTree = "<group>"; };
		589213AC24D7194D00AA9B51 /* ViewController.h */ = {isa = PBXFileReference; lastKnownFileType = sourcecode.c.h; path = ViewController.h; sourceTree = "<group>"; };
		589213AD24D7194D00AA9B51 /* ViewController.m */ = {isa = PBXFileReference; lastKnownFileType = sourcecode.c.objc; path = ViewController.m; sourceTree = "<group>"; };
		589213B024D7194D00AA9B51 /* Base */ = {isa = PBXFileReference; lastKnownFileType = file.storyboard; name = Base; path = Base.lproj/Main.storyboard; sourceTree = "<group>"; };
		589213B224D7194F00AA9B51 /* Assets.xcassets */ = {isa = PBXFileReference; lastKnownFileType = folder.assetcatalog; path = Assets.xcassets; sourceTree = "<group>"; };
		589213B524D7194F00AA9B51 /* Base */ = {isa = PBXFileReference; lastKnownFileType = file.storyboard; name = Base; path = Base.lproj/LaunchScreen.storyboard; sourceTree = "<group>"; };
		589213B724D7194F00AA9B51 /* Info.plist */ = {isa = PBXFileReference; lastKnownFileType = text.plist.xml; path = Info.plist; sourceTree = "<group>"; };
		589213B824D7194F00AA9B51 /* main.m */ = {isa = PBXFileReference; lastKnownFileType = sourcecode.c.objc; path = main.m; sourceTree = "<group>"; };
		589213BE24D7194F00AA9B51 /* PTGAdDemoTests.xctest */ = {isa = PBXFileReference; explicitFileType = wrapper.cfbundle; includeInIndex = 0; path = PTGAdDemoTests.xctest; sourceTree = BUILT_PRODUCTS_DIR; };
		589213C224D7195000AA9B51 /* PTGAdDemoTests.m */ = {isa = PBXFileReference; lastKnownFileType = sourcecode.c.objc; path = PTGAdDemoTests.m; sourceTree = "<group>"; };
		589213C424D7195000AA9B51 /* Info.plist */ = {isa = PBXFileReference; lastKnownFileType = text.plist.xml; path = Info.plist; sourceTree = "<group>"; };
		589213C924D7195000AA9B51 /* PTGAdDemoUITests.xctest */ = {isa = PBXFileReference; explicitFileType = wrapper.cfbundle; includeInIndex = 0; path = PTGAdDemoUITests.xctest; sourceTree = BUILT_PRODUCTS_DIR; };
		589213CD24D7195000AA9B51 /* PTGAdDemoUITests.m */ = {isa = PBXFileReference; lastKnownFileType = sourcecode.c.objc; path = PTGAdDemoUITests.m; sourceTree = "<group>"; };
		589213CF24D7195000AA9B51 /* Info.plist */ = {isa = PBXFileReference; lastKnownFileType = text.plist.xml; path = Info.plist; sourceTree = "<group>"; };
		5E2D53ABBB8D6A3AA78F14F3 /* Pods-PTGAdDemo.debug.xcconfig */ = {isa = PBXFileReference; includeInIndex = 1; lastKnownFileType = text.xcconfig; name = "Pods-PTGAdDemo.debug.xcconfig"; path = "Target Support Files/Pods-PTGAdDemo/Pods-PTGAdDemo.debug.xcconfig"; sourceTree = "<group>"; };
		845CE73C251A1D0800CA3F05 /* PTGNormalButton.m */ = {isa = PBXFileReference; fileEncoding = 4; lastKnownFileType = sourcecode.c.objc; path = PTGNormalButton.m; sourceTree = "<group>"; };
		845CE73D251A1D0800CA3F05 /* PTGNormalButton.h */ = {isa = PBXFileReference; fileEncoding = 4; lastKnownFileType = sourcecode.c.h; path = PTGNormalButton.h; sourceTree = "<group>"; };
		845CE73F251A1D0800CA3F05 /* PTGMacros.h */ = {isa = PBXFileReference; fileEncoding = 4; lastKnownFileType = sourcecode.c.h; path = PTGMacros.h; sourceTree = "<group>"; };
		847416E42518A6550090F892 /* PTGBaseViewController.m */ = {isa = PBXFileReference; fileEncoding = 4; lastKnownFileType = sourcecode.c.objc; path = PTGBaseViewController.m; sourceTree = "<group>"; };
		847416E52518A6550090F892 /* PTGRewardVideoViewController.xib */ = {isa = PBXFileReference; fileEncoding = 4; lastKnownFileType = file.xib; path = PTGRewardVideoViewController.xib; sourceTree = "<group>"; };
		847416E62518A6550090F892 /* PTGRewardVideoViewController.h */ = {isa = PBXFileReference; fileEncoding = 4; lastKnownFileType = sourcecode.c.h; path = PTGRewardVideoViewController.h; sourceTree = "<group>"; };
		847416E72518A6550090F892 /* PTGBannerViewController.h */ = {isa = PBXFileReference; fileEncoding = 4; lastKnownFileType = sourcecode.c.h; path = PTGBannerViewController.h; sourceTree = "<group>"; };
		847416E82518A6550090F892 /* PTGBannerViewController.xib */ = {isa = PBXFileReference; fileEncoding = 4; lastKnownFileType = file.xib; path = PTGBannerViewController.xib; sourceTree = "<group>"; };
		847416E92518A6550090F892 /* NativeExpressAdViewController.h */ = {isa = PBXFileReference; fileEncoding = 4; lastKnownFileType = sourcecode.c.h; path = NativeExpressAdViewController.h; sourceTree = "<group>"; };
		847416EA2518A6550090F892 /* PTGInterstitialViewController.h */ = {isa = PBXFileReference; fileEncoding = 4; lastKnownFileType = sourcecode.c.h; path = PTGInterstitialViewController.h; sourceTree = "<group>"; };
		847416EB2518A6550090F892 /* PTGBaseViewController.h */ = {isa = PBXFileReference; fileEncoding = 4; lastKnownFileType = sourcecode.c.h; path = PTGBaseViewController.h; sourceTree = "<group>"; };
		847416EC2518A6550090F892 /* PTGBannerViewController.m */ = {isa = PBXFileReference; fileEncoding = 4; lastKnownFileType = sourcecode.c.objc; path = PTGBannerViewController.m; sourceTree = "<group>"; };
		847416ED2518A6550090F892 /* PTGRewardVideoViewController.m */ = {isa = PBXFileReference; fileEncoding = 4; lastKnownFileType = sourcecode.c.objc; path = PTGRewardVideoViewController.m; sourceTree = "<group>"; };
		847416EE2518A6550090F892 /* NativeExpressAdViewController.xib */ = {isa = PBXFileReference; fileEncoding = 4; lastKnownFileType = file.xib; path = NativeExpressAdViewController.xib; sourceTree = "<group>"; };
		847416EF2518A6550090F892 /* PTGInterstitialViewController.m */ = {isa = PBXFileReference; fileEncoding = 4; lastKnownFileType = sourcecode.c.objc; path = PTGInterstitialViewController.m; sourceTree = "<group>"; };
		847416F02518A6550090F892 /* NativeExpressAdViewController.m */ = {isa = PBXFileReference; fileEncoding = 4; lastKnownFileType = sourcecode.c.objc; path = NativeExpressAdViewController.m; sourceTree = "<group>"; };
		84E7AA5724F632700089F534 /* Splash.png */ = {isa = PBXFileReference; lastKnownFileType = image.png; name = Splash.png; path = Assets.xcassets/SplashLogo.imageset/Splash.png; sourceTree = "<group>"; };
		887B3BEB1A0F27F46A371FC3 /* libPods-PTGAdDemo.a */ = {isa = PBXFileReference; explicitFileType = archive.ar; includeInIndex = 0; path = "libPods-PTGAdDemo.a"; sourceTree = BUILT_PRODUCTS_DIR; };
/* End PBXFileReference section */

/* Begin PBXFrameworksBuildPhase section */
		589213A024D7194D00AA9B51 /* Frameworks */ = {
			isa = PBXFrameworksBuildPhase;
			buildActionMask = 2147483647;
			files = (
				3177AD1E55E905B3B60A3CB3 /* libPods-PTGAdDemo.a in Frameworks */,
			);
			runOnlyForDeploymentPostprocessing = 0;
		};
		589213BB24D7194F00AA9B51 /* Frameworks */ = {
			isa = PBXFrameworksBuildPhase;
			buildActionMask = 2147483647;
			files = (
			);
			runOnlyForDeploymentPostprocessing = 0;
		};
		589213C624D7195000AA9B51 /* Frameworks */ = {
			isa = PBXFrameworksBuildPhase;
			buildActionMask = 2147483647;
			files = (
			);
			runOnlyForDeploymentPostprocessing = 0;
		};
/* End PBXFrameworksBuildPhase section */

/* Begin PBXGroup section */
		5892139A24D7194D00AA9B51 = {
			isa = PBXGroup;
			children = (
				589213A524D7194D00AA9B51 /* PTGAdDemo */,
				589213C124D7195000AA9B51 /* PTGAdDemoTests */,
				589213CC24D7195000AA9B51 /* PTGAdDemoUITests */,
				589213A424D7194D00AA9B51 /* Products */,
				BC400D573F98C62D4C29488A /* Pods */,
				9B0342E9FCD384D58D9AADC2 /* Frameworks */,
			);
			sourceTree = "<group>";
		};
		589213A424D7194D00AA9B51 /* Products */ = {
			isa = PBXGroup;
			children = (
				589213A324D7194D00AA9B51 /* PTGAdDemo.app */,
				589213BE24D7194F00AA9B51 /* PTGAdDemoTests.xctest */,
				589213C924D7195000AA9B51 /* PTGAdDemoUITests.xctest */,
			);
			name = Products;
			sourceTree = "<group>";
		};
		589213A524D7194D00AA9B51 /* PTGAdDemo */ = {
			isa = PBXGroup;
			children = (
				845CE73E251A1D0800CA3F05 /* Macros */,
				845CE73B251A1D0800CA3F05 /* view */,
				847416E32518A6550090F892 /* controller */,
				589213A624D7194D00AA9B51 /* AppDelegate.h */,
				589213A724D7194D00AA9B51 /* AppDelegate.m */,
				589213AC24D7194D00AA9B51 /* ViewController.h */,
				589213AD24D7194D00AA9B51 /* ViewController.m */,
				589213AF24D7194D00AA9B51 /* Main.storyboard */,
				589213B224D7194F00AA9B51 /* Assets.xcassets */,
				589213B424D7194F00AA9B51 /* LaunchScreen.storyboard */,
				84E7AA5724F632700089F534 /* Splash.png */,
				589213B724D7194F00AA9B51 /* Info.plist */,
				589213B824D7194F00AA9B51 /* main.m */,
			);
			path = PTGAdDemo;
			sourceTree = "<group>";
		};
		589213C124D7195000AA9B51 /* PTGAdDemoTests */ = {
			isa = PBXGroup;
			children = (
				589213C224D7195000AA9B51 /* PTGAdDemoTests.m */,
				589213C424D7195000AA9B51 /* Info.plist */,
			);
			path = PTGAdDemoTests;
			sourceTree = "<group>";
		};
		589213CC24D7195000AA9B51 /* PTGAdDemoUITests */ = {
			isa = PBXGroup;
			children = (
				589213CD24D7195000AA9B51 /* PTGAdDemoUITests.m */,
				589213CF24D7195000AA9B51 /* Info.plist */,
			);
			path = PTGAdDemoUITests;
			sourceTree = "<group>";
		};
		845CE73B251A1D0800CA3F05 /* view */ = {
			isa = PBXGroup;
			children = (
				845CE73C251A1D0800CA3F05 /* PTGNormalButton.m */,
				845CE73D251A1D0800CA3F05 /* PTGNormalButton.h */,
			);
			path = view;
			sourceTree = "<group>";
		};
		845CE73E251A1D0800CA3F05 /* Macros */ = {
			isa = PBXGroup;
			children = (
				845CE73F251A1D0800CA3F05 /* PTGMacros.h */,
			);
			path = Macros;
			sourceTree = "<group>";
		};
		847416E32518A6550090F892 /* controller */ = {
			isa = PBXGroup;
			children = (
				847416E92518A6550090F892 /* NativeExpressAdViewController.h */,
				847416F02518A6550090F892 /* NativeExpressAdViewController.m */,
				847416EE2518A6550090F892 /* NativeExpressAdViewController.xib */,
				847416E72518A6550090F892 /* PTGBannerViewController.h */,
				847416EC2518A6550090F892 /* PTGBannerViewController.m */,
				847416E82518A6550090F892 /* PTGBannerViewController.xib */,
				847416EB2518A6550090F892 /* PTGBaseViewController.h */,
				847416E42518A6550090F892 /* PTGBaseViewController.m */,
				847416EA2518A6550090F892 /* PTGInterstitialViewController.h */,
				847416EF2518A6550090F892 /* PTGInterstitialViewController.m */,
				847416E62518A6550090F892 /* PTGRewardVideoViewController.h */,
				847416ED2518A6550090F892 /* PTGRewardVideoViewController.m */,
				847416E52518A6550090F892 /* PTGRewardVideoViewController.xib */,
			);
			path = controller;
			sourceTree = "<group>";
		};
		9B0342E9FCD384D58D9AADC2 /* Frameworks */ = {
			isa = PBXGroup;
			children = (
				887B3BEB1A0F27F46A371FC3 /* libPods-PTGAdDemo.a */,
			);
			name = Frameworks;
			sourceTree = "<group>";
		};
		BC400D573F98C62D4C29488A /* Pods */ = {
			isa = PBXGroup;
			children = (
				5E2D53ABBB8D6A3AA78F14F3 /* Pods-PTGAdDemo.debug.xcconfig */,
				54E2E8CE41850248418C85F6 /* Pods-PTGAdDemo.release.xcconfig */,
			);
			path = Pods;
			sourceTree = "<group>";
		};
/* End PBXGroup section */

/* Begin PBXNativeTarget section */
		589213A224D7194D00AA9B51 /* PTGAdDemo */ = {
			isa = PBXNativeTarget;
			buildConfigurationList = 589213D224D7195000AA9B51 /* Build configuration list for PBXNativeTarget "PTGAdDemo" */;
			buildPhases = (
				21DC812167A62052E7B57368 /* [CP] Check Pods Manifest.lock */,
				5892139F24D7194D00AA9B51 /* Sources */,
				589213A024D7194D00AA9B51 /* Frameworks */,
				589213A124D7194D00AA9B51 /* Resources */,
				589213EC24D7272200AA9B51 /* Embed Frameworks */,
				81275792B01F519E66395DF6 /* [CP] Copy Pods Resources */,
			);
			buildRules = (
			);
			dependencies = (
			);
			name = PTGAdDemo;
			productName = PTGAdDemo;
			productReference = 589213A324D7194D00AA9B51 /* PTGAdDemo.app */;
			productType = "com.apple.product-type.application";
		};
		589213BD24D7194F00AA9B51 /* PTGAdDemoTests */ = {
			isa = PBXNativeTarget;
			buildConfigurationList = 589213D524D7195000AA9B51 /* Build configuration list for PBXNativeTarget "PTGAdDemoTests" */;
			buildPhases = (
				589213BA24D7194F00AA9B51 /* Sources */,
				589213BB24D7194F00AA9B51 /* Frameworks */,
				589213BC24D7194F00AA9B51 /* Resources */,
			);
			buildRules = (
			);
			dependencies = (
				589213C024D7194F00AA9B51 /* PBXTargetDependency */,
			);
			name = PTGAdDemoTests;
			productName = PTGAdDemoTests;
			productReference = 589213BE24D7194F00AA9B51 /* PTGAdDemoTests.xctest */;
			productType = "com.apple.product-type.bundle.unit-test";
		};
		589213C824D7195000AA9B51 /* PTGAdDemoUITests */ = {
			isa = PBXNativeTarget;
			buildConfigurationList = 589213D824D7195000AA9B51 /* Build configuration list for PBXNativeTarget "PTGAdDemoUITests" */;
			buildPhases = (
				589213C524D7195000AA9B51 /* Sources */,
				589213C624D7195000AA9B51 /* Frameworks */,
				589213C724D7195000AA9B51 /* Resources */,
			);
			buildRules = (
			);
			dependencies = (
				589213CB24D7195000AA9B51 /* PBXTargetDependency */,
			);
			name = PTGAdDemoUITests;
			productName = PTGAdDemoUITests;
			productReference = 589213C924D7195000AA9B51 /* PTGAdDemoUITests.xctest */;
			productType = "com.apple.product-type.bundle.ui-testing";
		};
/* End PBXNativeTarget section */

/* Begin PBXProject section */
		5892139B24D7194D00AA9B51 /* Project object */ = {
			isa = PBXProject;
			attributes = {
				LastUpgradeCheck = 1200;
				ORGANIZATIONNAME = ptg;
				TargetAttributes = {
					589213A224D7194D00AA9B51 = {
						CreatedOnToolsVersion = 11.4.1;
					};
					589213BD24D7194F00AA9B51 = {
						CreatedOnToolsVersion = 11.4.1;
						TestTargetID = 589213A224D7194D00AA9B51;
					};
					589213C824D7195000AA9B51 = {
						CreatedOnToolsVersion = 11.4.1;
						TestTargetID = 589213A224D7194D00AA9B51;
					};
				};
			};
			buildConfigurationList = 5892139E24D7194D00AA9B51 /* Build configuration list for PBXProject "PTGAdDemo" */;
			compatibilityVersion = "Xcode 9.3";
			developmentRegion = en;
			hasScannedForEncodings = 0;
			knownRegions = (
				en,
				Base,
			);
			mainGroup = 5892139A24D7194D00AA9B51;
			productRefGroup = 589213A424D7194D00AA9B51 /* Products */;
			projectDirPath = "";
			projectRoot = "";
			targets = (
				589213A224D7194D00AA9B51 /* PTGAdDemo */,
				589213BD24D7194F00AA9B51 /* PTGAdDemoTests */,
				589213C824D7195000AA9B51 /* PTGAdDemoUITests */,
			);
		};
/* End PBXProject section */

/* Begin PBXResourcesBuildPhase section */
		589213A124D7194D00AA9B51 /* Resources */ = {
			isa = PBXResourcesBuildPhase;
			buildActionMask = 2147483647;
			files = (
				847416F22518A6550090F892 /* PTGRewardVideoViewController.xib in Resources */,
				589213B624D7194F00AA9B51 /* LaunchScreen.storyboard in Resources */,
				847416F32518A6550090F892 /* PTGBannerViewController.xib in Resources */,
				84E7AA5824F632700089F534 /* Splash.png in Resources */,
				847416F62518A6550090F892 /* NativeExpressAdViewController.xib in Resources */,
				589213B324D7194F00AA9B51 /* Assets.xcassets in Resources */,
				589213B124D7194D00AA9B51 /* Main.storyboard in Resources */,
			);
			runOnlyForDeploymentPostprocessing = 0;
		};
		589213BC24D7194F00AA9B51 /* Resources */ = {
			isa = PBXResourcesBuildPhase;
			buildActionMask = 2147483647;
			files = (
			);
			runOnlyForDeploymentPostprocessing = 0;
		};
		589213C724D7195000AA9B51 /* Resources */ = {
			isa = PBXResourcesBuildPhase;
			buildActionMask = 2147483647;
			files = (
			);
			runOnlyForDeploymentPostprocessing = 0;
		};
/* End PBXResourcesBuildPhase section */

/* Begin PBXShellScriptBuildPhase section */
		21DC812167A62052E7B57368 /* [CP] Check Pods Manifest.lock */ = {
			isa = PBXShellScriptBuildPhase;
			buildActionMask = 2147483647;
			files = (
			);
			inputFileListPaths = (
			);
			inputPaths = (
				"${PODS_PODFILE_DIR_PATH}/Podfile.lock",
				"${PODS_ROOT}/Manifest.lock",
			);
			name = "[CP] Check Pods Manifest.lock";
			outputFileListPaths = (
			);
			outputPaths = (
				"$(DERIVED_FILE_DIR)/Pods-PTGAdDemo-checkManifestLockResult.txt",
			);
			runOnlyForDeploymentPostprocessing = 0;
			shellPath = /bin/sh;
			shellScript = "diff \"${PODS_PODFILE_DIR_PATH}/Podfile.lock\" \"${PODS_ROOT}/Manifest.lock\" > /dev/null\nif [ $? != 0 ] ; then\n    # print error to STDERR\n    echo \"error: The sandbox is not in sync with the Podfile.lock. Run 'pod install' or update your CocoaPods installation.\" >&2\n    exit 1\nfi\n# This output is used by Xcode 'outputs' to avoid re-running this script phase.\necho \"SUCCESS\" > \"${SCRIPT_OUTPUT_FILE_0}\"\n";
			showEnvVarsInLog = 0;
		};
		81275792B01F519E66395DF6 /* [CP] Copy Pods Resources */ = {
			isa = PBXShellScriptBuildPhase;
			buildActionMask = 2147483647;
			files = (
			);
			inputFileListPaths = (
				"${PODS_ROOT}/Target Support Files/Pods-PTGAdDemo/Pods-PTGAdDemo-resources-${CONFIGURATION}-input-files.xcfilelist",
			);
			name = "[CP] Copy Pods Resources";
			outputFileListPaths = (
				"${PODS_ROOT}/Target Support Files/Pods-PTGAdDemo/Pods-PTGAdDemo-resources-${CONFIGURATION}-output-files.xcfilelist",
			);
			runOnlyForDeploymentPostprocessing = 0;
			shellPath = /bin/sh;
			shellScript = "\"${PODS_ROOT}/Target Support Files/Pods-PTGAdDemo/Pods-PTGAdDemo-resources.sh\"\n";
			showEnvVarsInLog = 0;
		};
/* End PBXShellScriptBuildPhase section */

/* Begin PBXSourcesBuildPhase section */
		5892139F24D7194D00AA9B51 /* Sources */ = {
			isa = PBXSourcesBuildPhase;
			buildActionMask = 2147483647;
			files = (
				847416F72518A6550090F892 /* PTGInterstitialViewController.m in Sources */,
				847416F42518A6550090F892 /* PTGBannerViewController.m in Sources */,
				589213AE24D7194D00AA9B51 /* ViewController.m in Sources */,
				847416F82518A6550090F892 /* NativeExpressAdViewController.m in Sources */,
				847416F12518A6550090F892 /* PTGBaseViewController.m in Sources */,
				589213A824D7194D00AA9B51 /* AppDelegate.m in Sources */,
				847416F52518A6550090F892 /* PTGRewardVideoViewController.m in Sources */,
				845CE740251A1D0800CA3F05 /* PTGNormalButton.m in Sources */,
				589213B924D7194F00AA9B51 /* main.m in Sources */,
			);
			runOnlyForDeploymentPostprocessing = 0;
		};
		589213BA24D7194F00AA9B51 /* Sources */ = {
			isa = PBXSourcesBuildPhase;
			buildActionMask = 2147483647;
			files = (
				589213C324D7195000AA9B51 /* PTGAdDemoTests.m in Sources */,
			);
			runOnlyForDeploymentPostprocessing = 0;
		};
		589213C524D7195000AA9B51 /* Sources */ = {
			isa = PBXSourcesBuildPhase;
			buildActionMask = 2147483647;
			files = (
				589213CE24D7195000AA9B51 /* PTGAdDemoUITests.m in Sources */,
			);
			runOnlyForDeploymentPostprocessing = 0;
		};
/* End PBXSourcesBuildPhase section */

/* Begin PBXTargetDependency section */
		589213C024D7194F00AA9B51 /* PBXTargetDependency */ = {
			isa = PBXTargetDependency;
			target = 589213A224D7194D00AA9B51 /* PTGAdDemo */;
			targetProxy = 589213BF24D7194F00AA9B51 /* PBXContainerItemProxy */;
		};
		589213CB24D7195000AA9B51 /* PBXTargetDependency */ = {
			isa = PBXTargetDependency;
			target = 589213A224D7194D00AA9B51 /* PTGAdDemo */;
			targetProxy = 589213CA24D7195000AA9B51 /* PBXContainerItemProxy */;
		};
/* End PBXTargetDependency section */

/* Begin PBXVariantGroup section */
		589213AF24D7194D00AA9B51 /* Main.storyboard */ = {
			isa = PBXVariantGroup;
			children = (
				589213B024D7194D00AA9B51 /* Base */,
			);
			name = Main.storyboard;
			sourceTree = "<group>";
		};
		589213B424D7194F00AA9B51 /* LaunchScreen.storyboard */ = {
			isa = PBXVariantGroup;
			children = (
				589213B524D7194F00AA9B51 /* Base */,
			);
			name = LaunchScreen.storyboard;
			sourceTree = "<group>";
		};
/* End PBXVariantGroup section */

/* Begin XCBuildConfiguration section */
		589213D024D7195000AA9B51 /* Debug */ = {
			isa = XCBuildConfiguration;
			buildSettings = {
				ALWAYS_SEARCH_USER_PATHS = NO;
				CLANG_ANALYZER_NONNULL = YES;
				CLANG_ANALYZER_NUMBER_OBJECT_CONVERSION = YES_AGGRESSIVE;
				CLANG_CXX_LANGUAGE_STANDARD = "gnu++14";
				CLANG_CXX_LIBRARY = "libc++";
				CLANG_ENABLE_MODULES = YES;
				CLANG_ENABLE_OBJC_ARC = YES;
				CLANG_ENABLE_OBJC_WEAK = YES;
				CLANG_WARN_BLOCK_CAPTURE_AUTORELEASING = YES;
				CLANG_WARN_BOOL_CONVERSION = YES;
				CLANG_WARN_COMMA = YES;
				CLANG_WARN_CONSTANT_CONVERSION = YES;
				CLANG_WARN_DEPRECATED_OBJC_IMPLEMENTATIONS = YES;
				CLANG_WARN_DIRECT_OBJC_ISA_USAGE = YES_ERROR;
				CLANG_WARN_DOCUMENTATION_COMMENTS = YES;
				CLANG_WARN_EMPTY_BODY = YES;
				CLANG_WARN_ENUM_CONVERSION = YES;
				CLANG_WARN_INFINITE_RECURSION = YES;
				CLANG_WARN_INT_CONVERSION = YES;
				CLANG_WARN_NON_LITERAL_NULL_CONVERSION = YES;
				CLANG_WARN_OBJC_IMPLICIT_RETAIN_SELF = YES;
				CLANG_WARN_OBJC_LITERAL_CONVERSION = YES;
				CLANG_WARN_OBJC_ROOT_CLASS = YES_ERROR;
				CLANG_WARN_QUOTED_INCLUDE_IN_FRAMEWORK_HEADER = YES;
				CLANG_WARN_RANGE_LOOP_ANALYSIS = YES;
				CLANG_WARN_STRICT_PROTOTYPES = YES;
				CLANG_WARN_SUSPICIOUS_MOVE = YES;
				CLANG_WARN_UNGUARDED_AVAILABILITY = YES_AGGRESSIVE;
				CLANG_WARN_UNREACHABLE_CODE = YES;
				CLANG_WARN__DUPLICATE_METHOD_MATCH = YES;
				COPY_PHASE_STRIP = NO;
				DEBUG_INFORMATION_FORMAT = dwarf;
				ENABLE_STRICT_OBJC_MSGSEND = YES;
				ENABLE_TESTABILITY = YES;
				GCC_C_LANGUAGE_STANDARD = gnu11;
				GCC_DYNAMIC_NO_PIC = NO;
				GCC_NO_COMMON_BLOCKS = YES;
				GCC_OPTIMIZATION_LEVEL = 0;
				GCC_PREPROCESSOR_DEFINITIONS = (
					"DEBUG=1",
					"$(inherited)",
				);
				GCC_WARN_64_TO_32_BIT_CONVERSION = YES;
				GCC_WARN_ABOUT_RETURN_TYPE = YES_ERROR;
				GCC_WARN_UNDECLARED_SELECTOR = YES;
				GCC_WARN_UNINITIALIZED_AUTOS = YES_AGGRESSIVE;
				GCC_WARN_UNUSED_FUNCTION = YES;
				GCC_WARN_UNUSED_VARIABLE = YES;
				IPHONEOS_DEPLOYMENT_TARGET = 13.4;
				MTL_ENABLE_DEBUG_INFO = INCLUDE_SOURCE;
				MTL_FAST_MATH = YES;
				ONLY_ACTIVE_ARCH = YES;
				SDKROOT = iphoneos;
			};
			name = Debug;
		};
		589213D124D7195000AA9B51 /* Release */ = {
			isa = XCBuildConfiguration;
			buildSettings = {
				ALWAYS_SEARCH_USER_PATHS = NO;
				CLANG_ANALYZER_NONNULL = YES;
				CLANG_ANALYZER_NUMBER_OBJECT_CONVERSION = YES_AGGRESSIVE;
				CLANG_CXX_LANGUAGE_STANDARD = "gnu++14";
				CLANG_CXX_LIBRARY = "libc++";
				CLANG_ENABLE_MODULES = YES;
				CLANG_ENABLE_OBJC_ARC = YES;
				CLANG_ENABLE_OBJC_WEAK = YES;
				CLANG_WARN_BLOCK_CAPTURE_AUTORELEASING = YES;
				CLANG_WARN_BOOL_CONVERSION = YES;
				CLANG_WARN_COMMA = YES;
				CLANG_WARN_CONSTANT_CONVERSION = YES;
				CLANG_WARN_DEPRECATED_OBJC_IMPLEMENTATIONS = YES;
				CLANG_WARN_DIRECT_OBJC_ISA_USAGE = YES_ERROR;
				CLANG_WARN_DOCUMENTATION_COMMENTS = YES;
				CLANG_WARN_EMPTY_BODY = YES;
				CLANG_WARN_ENUM_CONVERSION = YES;
				CLANG_WARN_INFINITE_RECURSION = YES;
				CLANG_WARN_INT_CONVERSION = YES;
				CLANG_WARN_NON_LITERAL_NULL_CONVERSION = YES;
				CLANG_WARN_OBJC_IMPLICIT_RETAIN_SELF = YES;
				CLANG_WARN_OBJC_LITERAL_CONVERSION = YES;
				CLANG_WARN_OBJC_ROOT_CLASS = YES_ERROR;
				CLANG_WARN_QUOTED_INCLUDE_IN_FRAMEWORK_HEADER = YES;
				CLANG_WARN_RANGE_LOOP_ANALYSIS = YES;
				CLANG_WARN_STRICT_PROTOTYPES = YES;
				CLANG_WARN_SUSPICIOUS_MOVE = YES;
				CLANG_WARN_UNGUARDED_AVAILABILITY = YES_AGGRESSIVE;
				CLANG_WARN_UNREACHABLE_CODE = YES;
				CLANG_WARN__DUPLICATE_METHOD_MATCH = YES;
				COPY_PHASE_STRIP = NO;
				DEBUG_INFORMATION_FORMAT = "dwarf-with-dsym";
				ENABLE_NS_ASSERTIONS = NO;
				ENABLE_STRICT_OBJC_MSGSEND = YES;
				GCC_C_LANGUAGE_STANDARD = gnu11;
				GCC_NO_COMMON_BLOCKS = YES;
				GCC_WARN_64_TO_32_BIT_CONVERSION = YES;
				GCC_WARN_ABOUT_RETURN_TYPE = YES_ERROR;
				GCC_WARN_UNDECLARED_SELECTOR = YES;
				GCC_WARN_UNINITIALIZED_AUTOS = YES_AGGRESSIVE;
				GCC_WARN_UNUSED_FUNCTION = YES;
				GCC_WARN_UNUSED_VARIABLE = YES;
				IPHONEOS_DEPLOYMENT_TARGET = 13.4;
				MTL_ENABLE_DEBUG_INFO = NO;
				MTL_FAST_MATH = YES;
				SDKROOT = iphoneos;
				VALIDATE_PRODUCT = YES;
			};
			name = Release;
		};
		589213D324D7195000AA9B51 /* Debug */ = {
			isa = XCBuildConfiguration;
			baseConfigurationReference = 5E2D53ABBB8D6A3AA78F14F3 /* Pods-PTGAdDemo.debug.xcconfig */;
			buildSettings = {
				ASSETCATALOG_COMPILER_APPICON_NAME = AppIcon;
				CODE_SIGN_IDENTITY = "iPhone Developer";
				CODE_SIGN_STYLE = Manual;
				DEVELOPMENT_TEAM = DJ249QHZ5X;
				ENABLE_BITCODE = NO;
				FRAMEWORK_SEARCH_PATHS = (
					"$(inherited)",
					"$(PROJECT_DIR)/Frameworks",
					"$(PROJECT_DIR)",
				);
				INFOPLIST_FILE = PTGAdDemo/Info.plist;
				IPHONEOS_DEPLOYMENT_TARGET = 9.0;
				LD_RUNPATH_SEARCH_PATHS = (
					"$(inherited)",
					"@executable_path/Frameworks",
				);
				LIBRARY_SEARCH_PATHS = (
					"$(inherited)",
					"\"${PODS_ROOT}/GDTMobSDK/lib\"",
				);
				ONLY_ACTIVE_ARCH = YES;
				OTHER_LDFLAGS = (
					"$(inherited)",
					"-ObjC",
					"-all_load",
				);
				PRODUCT_BUNDLE_IDENTIFIER = com.bmlchina.driver;
				PRODUCT_NAME = "$(TARGET_NAME)";
				PROVISIONING_PROFILE_SPECIFIER = com.bmlchina.driver_dev;
				TARGETED_DEVICE_FAMILY = "1,2";
			};
			name = Debug;
		};
		589213D424D7195000AA9B51 /* Release */ = {
			isa = XCBuildConfiguration;
			baseConfigurationReference = 54E2E8CE41850248418C85F6 /* Pods-PTGAdDemo.release.xcconfig */;
			buildSettings = {
				ASSETCATALOG_COMPILER_APPICON_NAME = AppIcon;
				CODE_SIGN_IDENTITY = "iPhone Developer";
				CODE_SIGN_STYLE = Manual;
				DEVELOPMENT_TEAM = DJ249QHZ5X;
				ENABLE_BITCODE = NO;
				FRAMEWORK_SEARCH_PATHS = (
					"$(inherited)",
					"$(PROJECT_DIR)/Frameworks",
					"$(PROJECT_DIR)",
				);
				INFOPLIST_FILE = PTGAdDemo/Info.plist;
				IPHONEOS_DEPLOYMENT_TARGET = 9.0;
				LD_RUNPATH_SEARCH_PATHS = (
					"$(inherited)",
					"@executable_path/Frameworks",
				);
				LIBRARY_SEARCH_PATHS = (
					"$(inherited)",
					"\"${PODS_ROOT}/GDTMobSDK/lib\"",
				);
				ONLY_ACTIVE_ARCH = YES;
				OTHER_LDFLAGS = (
					"$(inherited)",
					"-ObjC",
					"-all_load",
				);
				PRODUCT_BUNDLE_IDENTIFIER = com.bmlchina.driver;
				PRODUCT_NAME = "$(TARGET_NAME)";
				PROVISIONING_PROFILE_SPECIFIER = com.bmlchina.driver_dev;
				TARGETED_DEVICE_FAMILY = "1,2";
			};
			name = Release;
		};
		589213D624D7195000AA9B51 /* Debug */ = {
			isa = XCBuildConfiguration;
			buildSettings = {
				BUNDLE_LOADER = "$(TEST_HOST)";
				CODE_SIGN_STYLE = Automatic;
				INFOPLIST_FILE = PTGAdDemoTests/Info.plist;
				IPHONEOS_DEPLOYMENT_TARGET = 13.4;
				LD_RUNPATH_SEARCH_PATHS = (
					"$(inherited)",
					"@executable_path/Frameworks",
					"@loader_path/Frameworks",
				);
				PRODUCT_BUNDLE_IDENTIFIER = com.ptg.PTGAdDemoTests;
				PRODUCT_NAME = "$(TARGET_NAME)";
				TARGETED_DEVICE_FAMILY = "1,2";
				TEST_HOST = "$(BUILT_PRODUCTS_DIR)/PTGAdDemo.app/PTGAdDemo";
			};
			name = Debug;
		};
		589213D724D7195000AA9B51 /* Release */ = {
			isa = XCBuildConfiguration;
			buildSettings = {
				BUNDLE_LOADER = "$(TEST_HOST)";
				CODE_SIGN_STYLE = Automatic;
				INFOPLIST_FILE = PTGAdDemoTests/Info.plist;
				IPHONEOS_DEPLOYMENT_TARGET = 13.4;
				LD_RUNPATH_SEARCH_PATHS = (
					"$(inherited)",
					"@executable_path/Frameworks",
					"@loader_path/Frameworks",
				);
				PRODUCT_BUNDLE_IDENTIFIER = com.ptg.PTGAdDemoTests;
				PRODUCT_NAME = "$(TARGET_NAME)";
				TARGETED_DEVICE_FAMILY = "1,2";
				TEST_HOST = "$(BUILT_PRODUCTS_DIR)/PTGAdDemo.app/PTGAdDemo";
			};
			name = Release;
		};
		589213D924D7195000AA9B51 /* Debug */ = {
			isa = XCBuildConfiguration;
			buildSettings = {
				CODE_SIGN_STYLE = Automatic;
				INFOPLIST_FILE = PTGAdDemoUITests/Info.plist;
				LD_RUNPATH_SEARCH_PATHS = (
					"$(inherited)",
					"@executable_path/Frameworks",
					"@loader_path/Frameworks",
				);
				PRODUCT_BUNDLE_IDENTIFIER = com.ptg.PTGAdDemoUITests;
				PRODUCT_NAME = "$(TARGET_NAME)";
				TARGETED_DEVICE_FAMILY = "1,2";
				TEST_TARGET_NAME = PTGAdDemo;
			};
			name = Debug;
		};
		589213DA24D7195000AA9B51 /* Release */ = {
			isa = XCBuildConfiguration;
			buildSettings = {
				CODE_SIGN_STYLE = Automatic;
				INFOPLIST_FILE = PTGAdDemoUITests/Info.plist;
				LD_RUNPATH_SEARCH_PATHS = (
					"$(inherited)",
					"@executable_path/Frameworks",
					"@loader_path/Frameworks",
				);
				PRODUCT_BUNDLE_IDENTIFIER = com.ptg.PTGAdDemoUITests;
				PRODUCT_NAME = "$(TARGET_NAME)";
				TARGETED_DEVICE_FAMILY = "1,2";
				TEST_TARGET_NAME = PTGAdDemo;
			};
			name = Release;
		};
/* End XCBuildConfiguration section */

/* Begin XCConfigurationList section */
		5892139E24D7194D00AA9B51 /* Build configuration list for PBXProject "PTGAdDemo" */ = {
			isa = XCConfigurationList;
			buildConfigurations = (
				589213D024D7195000AA9B51 /* Debug */,
				589213D124D7195000AA9B51 /* Release */,
			);
			defaultConfigurationIsVisible = 0;
			defaultConfigurationName = Release;
		};
		589213D224D7195000AA9B51 /* Build configuration list for PBXNativeTarget "PTGAdDemo" */ = {
			isa = XCConfigurationList;
			buildConfigurations = (
				589213D324D7195000AA9B51 /* Debug */,
				589213D424D7195000AA9B51 /* Release */,
			);
			defaultConfigurationIsVisible = 0;
			defaultConfigurationName = Release;
		};
		589213D524D7195000AA9B51 /* Build configuration list for PBXNativeTarget "PTGAdDemoTests" */ = {
			isa = XCConfigurationList;
			buildConfigurations = (
				589213D624D7195000AA9B51 /* Debug */,
				589213D724D7195000AA9B51 /* Release */,
			);
			defaultConfigurationIsVisible = 0;
			defaultConfigurationName = Release;
		};
		589213D824D7195000AA9B51 /* Build configuration list for PBXNativeTarget "PTGAdDemoUITests" */ = {
			isa = XCConfigurationList;
			buildConfigurations = (
				589213D924D7195000AA9B51 /* Debug */,
				589213DA24D7195000AA9B51 /* Release */,
			);
			defaultConfigurationIsVisible = 0;
			defaultConfigurationName = Release;
		};
/* End XCConfigurationList section */
	};
	rootObject = 5892139B24D7194D00AA9B51 /* Project object */;
}
